// !$*UTF8*$!
{
	archiveVersion = 1;
	classes = {
	};
	objectVersion = 71;
	objects = {

/* Begin PBXBuildFile section */
		ED1FE7692CB4BEDC006F861F /* FirebaseFirestoreSwift in Frameworks */ = {isa = PBXBuildFile; productRef = ED1FE7682CB4BEDC006F861F /* FirebaseFirestoreSwift */; };
		ED42FB452CB360FA00C5CC56 /* FirebaseFirestore in Frameworks */ = {isa = PBXBuildFile; productRef = ED42FB442CB360FA00C5CC56 /* FirebaseFirestore */; };
		EDB19B472CBD5D6D00E881E6 /* FirebaseAuth in Frameworks */ = {isa = PBXBuildFile; productRef = EDB19B462CBD5D6D00E881E6 /* FirebaseAuth */; };
		FF153AFF2B07C3E000D0BA30 /* FirebaseCrashlytics in Frameworks */ = {isa = PBXBuildFile; productRef = FF153AFE2B07C3E000D0BA30 /* FirebaseCrashlytics */; };
		FF4E82BE2AD39863004949AF /* FirebaseRemoteConfig in Frameworks */ = {isa = PBXBuildFile; productRef = FF4E82BD2AD39863004949AF /* FirebaseRemoteConfig */; };
		FF4E82C02AD39863004949AF /* FirebaseRemoteConfigSwift in Frameworks */ = {isa = PBXBuildFile; productRef = FF4E82BF2AD39863004949AF /* FirebaseRemoteConfigSwift */; };
		FF4E82C22AD39863004949AF /* FirebaseStorage in Frameworks */ = {isa = PBXBuildFile; productRef = FF4E82C12AD39863004949AF /* FirebaseStorage */; };
		FFC8CDA72AA3867A00D129A6 /* FirebaseAnalytics in Frameworks */ = {isa = PBXBuildFile; productRef = FFC8CDA62AA3867A00D129A6 /* FirebaseAnalytics */; };
		FFC8CDA92AA3867A00D129A6 /* FirebaseAnalyticsSwift in Frameworks */ = {isa = PBXBuildFile; productRef = FFC8CDA82AA3867A00D129A6 /* FirebaseAnalyticsSwift */; };
		FFC8CDAB2AA3867A00D129A6 /* FirebaseAuth in Frameworks */ = {isa = PBXBuildFile; productRef = FFC8CDAA2AA3867A00D129A6 /* FirebaseAuth */; };
		FFC8CDAD2AA3867A00D129A6 /* FirebaseFirestore in Frameworks */ = {isa = PBXBuildFile; productRef = FFC8CDAC2AA3867A00D129A6 /* FirebaseFirestore */; };
		FFC8CDAF2AA3867A00D129A6 /* FirebaseFirestoreSwift in Frameworks */ = {isa = PBXBuildFile; productRef = FFC8CDAE2AA3867A00D129A6 /* FirebaseFirestoreSwift */; };
		FFC8CDB32AA4226900D129A6 /* AdSupport.framework in Frameworks */ = {isa = PBXBuildFile; fileRef = FFC8CDB22AA4226900D129A6 /* AdSupport.framework */; };
		FFDADF7F2ACD35A100DDEF79 /* WidgetKit.framework in Frameworks */ = {isa = PBXBuildFile; fileRef = FFDADF7E2ACD35A100DDEF79 /* WidgetKit.framework */; };
		FFDADF812ACD35A100DDEF79 /* SwiftUI.framework in Frameworks */ = {isa = PBXBuildFile; fileRef = FFDADF802ACD35A100DDEF79 /* SwiftUI.framework */; };
		FFDADF8E2ACD35A200DDEF79 /* Basic-Car-Maintenance-WidgetExtension.appex in Embed Foundation Extensions */ = {isa = PBXBuildFile; fileRef = FFDADF7D2ACD35A100DDEF79 /* Basic-Car-Maintenance-WidgetExtension.appex */; settings = {ATTRIBUTES = (RemoveHeadersOnCopy, ); }; };
/* End PBXBuildFile section */

/* Begin PBXContainerItemProxy section */
		FF5D13B52A86C2D800BC9BD6 /* PBXContainerItemProxy */ = {
			isa = PBXContainerItemProxy;
			containerPortal = FF5D139B2A86C2D500BC9BD6 /* Project object */;
			proxyType = 1;
			remoteGlobalIDString = FF5D13A22A86C2D600BC9BD6;
			remoteInfo = "Basic-Car-Maintenance";
		};
		FF5D13BF2A86C2D800BC9BD6 /* PBXContainerItemProxy */ = {
			isa = PBXContainerItemProxy;
			containerPortal = FF5D139B2A86C2D500BC9BD6 /* Project object */;
			proxyType = 1;
			remoteGlobalIDString = FF5D13A22A86C2D600BC9BD6;
			remoteInfo = "Basic-Car-Maintenance";
		};
		FFDADF8C2ACD35A200DDEF79 /* PBXContainerItemProxy */ = {
			isa = PBXContainerItemProxy;
			containerPortal = FF5D139B2A86C2D500BC9BD6 /* Project object */;
			proxyType = 1;
			remoteGlobalIDString = FFDADF7C2ACD35A100DDEF79;
			remoteInfo = "Basic-Car-Maintenance-WidgetExtension";
		};
/* End PBXContainerItemProxy section */

/* Begin PBXCopyFilesBuildPhase section */
		FFDADF8F2ACD35A200DDEF79 /* Embed Foundation Extensions */ = {
			isa = PBXCopyFilesBuildPhase;
			buildActionMask = 2147483647;
			dstPath = "";
			dstSubfolderSpec = 13;
			files = (
				FFDADF8E2ACD35A200DDEF79 /* Basic-Car-Maintenance-WidgetExtension.appex in Embed Foundation Extensions */,
			);
			name = "Embed Foundation Extensions";
			runOnlyForDeploymentPostprocessing = 0;
		};
/* End PBXCopyFilesBuildPhase section */

/* Begin PBXFileReference section */
		FF098EFA2AB3424E003EC0FE /* Basic-Car-Maintenance.xcconfig */ = {isa = PBXFileReference; lastKnownFileType = text.xcconfig; path = "Basic-Car-Maintenance.xcconfig"; sourceTree = SOURCE_ROOT; };
		FF5D13A32A86C2D600BC9BD6 /* Basic-Car-Maintenance.app */ = {isa = PBXFileReference; explicitFileType = wrapper.application; includeInIndex = 0; path = "Basic-Car-Maintenance.app"; sourceTree = BUILT_PRODUCTS_DIR; };
		FF5D13B42A86C2D800BC9BD6 /* Basic-Car-Maintenance-Tests.xctest */ = {isa = PBXFileReference; explicitFileType = wrapper.cfbundle; includeInIndex = 0; path = "Basic-Car-Maintenance-Tests.xctest"; sourceTree = BUILT_PRODUCTS_DIR; };
		FF5D13BE2A86C2D800BC9BD6 /* Basic-Car-Maintenance-UITests.xctest */ = {isa = PBXFileReference; explicitFileType = wrapper.cfbundle; includeInIndex = 0; path = "Basic-Car-Maintenance-UITests.xctest"; sourceTree = BUILT_PRODUCTS_DIR; };
		FFA392762C54738E00A0AD6D /* Basic-Car-Maintenance.xctestplan */ = {isa = PBXFileReference; lastKnownFileType = text; path = "Basic-Car-Maintenance.xctestplan"; sourceTree = "<group>"; };
		FFC8CDB22AA4226900D129A6 /* AdSupport.framework */ = {isa = PBXFileReference; lastKnownFileType = wrapper.framework; name = AdSupport.framework; path = Platforms/iPhoneOS.platform/Developer/SDKs/iPhoneOS17.0.sdk/System/Library/Frameworks/AdSupport.framework; sourceTree = DEVELOPER_DIR; };
		FFDADF7D2ACD35A100DDEF79 /* Basic-Car-Maintenance-WidgetExtension.appex */ = {isa = PBXFileReference; explicitFileType = "wrapper.app-extension"; includeInIndex = 0; path = "Basic-Car-Maintenance-WidgetExtension.appex"; sourceTree = BUILT_PRODUCTS_DIR; };
		FFDADF7E2ACD35A100DDEF79 /* WidgetKit.framework */ = {isa = PBXFileReference; lastKnownFileType = wrapper.framework; name = WidgetKit.framework; path = System/Library/Frameworks/WidgetKit.framework; sourceTree = SDKROOT; };
		FFDADF802ACD35A100DDEF79 /* SwiftUI.framework */ = {isa = PBXFileReference; lastKnownFileType = wrapper.framework; name = SwiftUI.framework; path = System/Library/Frameworks/SwiftUI.framework; sourceTree = SDKROOT; };
/* End PBXFileReference section */

/* Begin PBXFileSystemSynchronizedBuildFileExceptionSet section */
		ED42FB492CB3621B00C5CC56 /* PBXFileSystemSynchronizedBuildFileExceptionSet */ = {
			isa = PBXFileSystemSynchronizedBuildFileExceptionSet;
			membershipExceptions = (
				"Shared/GoogleService-Info.plist",
				Shared/Models/MaintenanceEvent.swift,
				Shared/Models/Vehicle.swift,
				"Shared/Utilities/Bundle+extension.swift",
				Shared/Utilities/Constants.swift,
			);
			target = FFDADF7C2ACD35A100DDEF79 /* Basic-Car-Maintenance-WidgetExtension */;
		};
		FF52DEBC2CADE9EF0023F8DE /* PBXFileSystemSynchronizedBuildFileExceptionSet */ = {
			isa = PBXFileSystemSynchronizedBuildFileExceptionSet;
			membershipExceptions = (
				Shared/Info.plist,
				Shared/PrivacyInfo.xcprivacy,
			);
			target = FF5D13A22A86C2D600BC9BD6 /* Basic-Car-Maintenance */;
		};
		FF52DEC82CADEA000023F8DE /* PBXFileSystemSynchronizedBuildFileExceptionSet */ = {
			isa = PBXFileSystemSynchronizedBuildFileExceptionSet;
			membershipExceptions = (
				Info.plist,
			);
			target = FFDADF7C2ACD35A100DDEF79 /* Basic-Car-Maintenance-WidgetExtension */;
		};
/* End PBXFileSystemSynchronizedBuildFileExceptionSet section */

/* Begin PBXFileSystemSynchronizedRootGroup section */
		FF52DE902CADE9EF0023F8DE /* Basic-Car-Maintenance */ = {isa = PBXFileSystemSynchronizedRootGroup; exceptions = (FF52DEBC2CADE9EF0023F8DE /* PBXFileSystemSynchronizedBuildFileExceptionSet */, ED42FB492CB3621B00C5CC56 /* PBXFileSystemSynchronizedBuildFileExceptionSet */, ); explicitFileTypes = {}; explicitFolders = (); path = "Basic-Car-Maintenance"; sourceTree = "<group>"; };
		FF52DEC22CADEA000023F8DE /* Basic-Car-Maintenance-Widget */ = {isa = PBXFileSystemSynchronizedRootGroup; exceptions = (FF52DEC82CADEA000023F8DE /* PBXFileSystemSynchronizedBuildFileExceptionSet */, ); explicitFileTypes = {}; explicitFolders = (); path = "Basic-Car-Maintenance-Widget"; sourceTree = "<group>"; };
		FF52DECC2CADEA030023F8DE /* Basic-Car-Maintenance-Tests */ = {isa = PBXFileSystemSynchronizedRootGroup; explicitFileTypes = {}; explicitFolders = (); path = "Basic-Car-Maintenance-Tests"; sourceTree = "<group>"; };
		FF52DECF2CADEA060023F8DE /* Basic-Car-Maintenance-UITests */ = {isa = PBXFileSystemSynchronizedRootGroup; explicitFileTypes = {}; explicitFolders = (); path = "Basic-Car-Maintenance-UITests"; sourceTree = "<group>"; };
		FF52DED52CADEA150023F8DE /* Configurations */ = {isa = PBXFileSystemSynchronizedRootGroup; explicitFileTypes = {}; explicitFolders = (); path = Configurations; sourceTree = "<group>"; };
/* End PBXFileSystemSynchronizedRootGroup section */

/* Begin PBXFrameworksBuildPhase section */
		FF5D13A02A86C2D600BC9BD6 /* Frameworks */ = {
			isa = PBXFrameworksBuildPhase;
			buildActionMask = 2147483647;
			files = (
				FF4E82BE2AD39863004949AF /* FirebaseRemoteConfig in Frameworks */,
				FFC8CDAF2AA3867A00D129A6 /* FirebaseFirestoreSwift in Frameworks */,
				FFC8CDA92AA3867A00D129A6 /* FirebaseAnalyticsSwift in Frameworks */,
				FFC8CDAD2AA3867A00D129A6 /* FirebaseFirestore in Frameworks */,
				FFC8CDAB2AA3867A00D129A6 /* FirebaseAuth in Frameworks */,
				FFC8CDA72AA3867A00D129A6 /* FirebaseAnalytics in Frameworks */,
				FF4E82C02AD39863004949AF /* FirebaseRemoteConfigSwift in Frameworks */,
				FF153AFF2B07C3E000D0BA30 /* FirebaseCrashlytics in Frameworks */,
				FF4E82C22AD39863004949AF /* FirebaseStorage in Frameworks */,
				FFC8CDB32AA4226900D129A6 /* AdSupport.framework in Frameworks */,
			);
			runOnlyForDeploymentPostprocessing = 0;
		};
		FF5D13B12A86C2D800BC9BD6 /* Frameworks */ = {
			isa = PBXFrameworksBuildPhase;
			buildActionMask = 2147483647;
			files = (
			);
			runOnlyForDeploymentPostprocessing = 0;
		};
		FF5D13BB2A86C2D800BC9BD6 /* Frameworks */ = {
			isa = PBXFrameworksBuildPhase;
			buildActionMask = 2147483647;
			files = (
			);
			runOnlyForDeploymentPostprocessing = 0;
		};
		FFDADF7A2ACD35A100DDEF79 /* Frameworks */ = {
			isa = PBXFrameworksBuildPhase;
			buildActionMask = 2147483647;
			files = (
				FFDADF812ACD35A100DDEF79 /* SwiftUI.framework in Frameworks */,
				EDB19B472CBD5D6D00E881E6 /* FirebaseAuth in Frameworks */,
				FFDADF7F2ACD35A100DDEF79 /* WidgetKit.framework in Frameworks */,
				ED42FB452CB360FA00C5CC56 /* FirebaseFirestore in Frameworks */,
				ED1FE7692CB4BEDC006F861F /* FirebaseFirestoreSwift in Frameworks */,
			);
			runOnlyForDeploymentPostprocessing = 0;
		};
/* End PBXFrameworksBuildPhase section */

/* Begin PBXGroup section */
		FF5D139A2A86C2D500BC9BD6 = {
			isa = PBXGroup;
			children = (
				FFA392762C54738E00A0AD6D /* Basic-Car-Maintenance.xctestplan */,
				FF52DED52CADEA150023F8DE /* Configurations */,
				FF098EFA2AB3424E003EC0FE /* Basic-Car-Maintenance.xcconfig */,
				FF52DE902CADE9EF0023F8DE /* Basic-Car-Maintenance */,
				FF52DEC22CADEA000023F8DE /* Basic-Car-Maintenance-Widget */,
				FF52DECC2CADEA030023F8DE /* Basic-Car-Maintenance-Tests */,
				FF52DECF2CADEA060023F8DE /* Basic-Car-Maintenance-UITests */,
				FF5D13A42A86C2D600BC9BD6 /* Products */,
				FFC8CDB12AA4226900D129A6 /* Frameworks */,
			);
			sourceTree = "<group>";
		};
		FF5D13A42A86C2D600BC9BD6 /* Products */ = {
			isa = PBXGroup;
			children = (
				FF5D13A32A86C2D600BC9BD6 /* Basic-Car-Maintenance.app */,
				FF5D13B42A86C2D800BC9BD6 /* Basic-Car-Maintenance-Tests.xctest */,
				FF5D13BE2A86C2D800BC9BD6 /* Basic-Car-Maintenance-UITests.xctest */,
				FFDADF7D2ACD35A100DDEF79 /* Basic-Car-Maintenance-WidgetExtension.appex */,
			);
			name = Products;
			sourceTree = "<group>";
		};
		FFC8CDB12AA4226900D129A6 /* Frameworks */ = {
			isa = PBXGroup;
			children = (
				FFC8CDB22AA4226900D129A6 /* AdSupport.framework */,
				FFDADF7E2ACD35A100DDEF79 /* WidgetKit.framework */,
				FFDADF802ACD35A100DDEF79 /* SwiftUI.framework */,
			);
			name = Frameworks;
			sourceTree = "<group>";
		};
/* End PBXGroup section */

/* Begin PBXNativeTarget section */
		FF5D13A22A86C2D600BC9BD6 /* Basic-Car-Maintenance */ = {
			isa = PBXNativeTarget;
			buildConfigurationList = FF5D13C82A86C2D800BC9BD6 /* Build configuration list for PBXNativeTarget "Basic-Car-Maintenance" */;
			buildPhases = (
				FF5D139F2A86C2D600BC9BD6 /* Sources */,
				FF5D13A02A86C2D600BC9BD6 /* Frameworks */,
				FF5D13A12A86C2D600BC9BD6 /* Resources */,
				FFDADF8F2ACD35A200DDEF79 /* Embed Foundation Extensions */,
				FF50DDC22B07DF0C00E87362 /* ShellScript */,
			);
			buildRules = (
			);
			dependencies = (
				C90C058C2CB0FC8000046C42 /* PBXTargetDependency */,
				FFDADF8D2ACD35A200DDEF79 /* PBXTargetDependency */,
			);
			fileSystemSynchronizedGroups = (
				FF52DE902CADE9EF0023F8DE /* Basic-Car-Maintenance */,
			);
			name = "Basic-Car-Maintenance";
			packageProductDependencies = (
				FFC8CDA62AA3867A00D129A6 /* FirebaseAnalytics */,
				FFC8CDA82AA3867A00D129A6 /* FirebaseAnalyticsSwift */,
				FFC8CDAA2AA3867A00D129A6 /* FirebaseAuth */,
				FFC8CDAC2AA3867A00D129A6 /* FirebaseFirestore */,
				FFC8CDAE2AA3867A00D129A6 /* FirebaseFirestoreSwift */,
				FF4E82BD2AD39863004949AF /* FirebaseRemoteConfig */,
				FF4E82BF2AD39863004949AF /* FirebaseRemoteConfigSwift */,
				FF4E82C12AD39863004949AF /* FirebaseStorage */,
				FF153AFE2B07C3E000D0BA30 /* FirebaseCrashlytics */,
			);
			productName = "Basic-Car-Maintenance";
			productReference = FF5D13A32A86C2D600BC9BD6 /* Basic-Car-Maintenance.app */;
			productType = "com.apple.product-type.application";
		};
		FF5D13B32A86C2D800BC9BD6 /* Basic-Car-Maintenance-Tests */ = {
			isa = PBXNativeTarget;
			buildConfigurationList = FF5D13CB2A86C2D800BC9BD6 /* Build configuration list for PBXNativeTarget "Basic-Car-Maintenance-Tests" */;
			buildPhases = (
				FF5D13B02A86C2D800BC9BD6 /* Sources */,
				FF5D13B12A86C2D800BC9BD6 /* Frameworks */,
				FF5D13B22A86C2D800BC9BD6 /* Resources */,
			);
			buildRules = (
			);
			dependencies = (
				FF5D13B62A86C2D800BC9BD6 /* PBXTargetDependency */,
			);
			fileSystemSynchronizedGroups = (
				FF52DECC2CADEA030023F8DE /* Basic-Car-Maintenance-Tests */,
			);
			name = "Basic-Car-Maintenance-Tests";
			productName = "Basic-Car-MaintenanceTests";
			productReference = FF5D13B42A86C2D800BC9BD6 /* Basic-Car-Maintenance-Tests.xctest */;
			productType = "com.apple.product-type.bundle.unit-test";
		};
		FF5D13BD2A86C2D800BC9BD6 /* Basic-Car-Maintenance-UITests */ = {
			isa = PBXNativeTarget;
			buildConfigurationList = FF5D13CE2A86C2D800BC9BD6 /* Build configuration list for PBXNativeTarget "Basic-Car-Maintenance-UITests" */;
			buildPhases = (
				FF5D13BA2A86C2D800BC9BD6 /* Sources */,
				FF5D13BB2A86C2D800BC9BD6 /* Frameworks */,
				FF5D13BC2A86C2D800BC9BD6 /* Resources */,
			);
			buildRules = (
			);
			dependencies = (
				FF5D13C02A86C2D800BC9BD6 /* PBXTargetDependency */,
			);
			fileSystemSynchronizedGroups = (
				FF52DECF2CADEA060023F8DE /* Basic-Car-Maintenance-UITests */,
			);
			name = "Basic-Car-Maintenance-UITests";
			productName = "Basic-Car-MaintenanceUITests";
			productReference = FF5D13BE2A86C2D800BC9BD6 /* Basic-Car-Maintenance-UITests.xctest */;
			productType = "com.apple.product-type.bundle.ui-testing";
		};
		FFDADF7C2ACD35A100DDEF79 /* Basic-Car-Maintenance-WidgetExtension */ = {
			isa = PBXNativeTarget;
			buildConfigurationList = FFDADF922ACD35A200DDEF79 /* Build configuration list for PBXNativeTarget "Basic-Car-Maintenance-WidgetExtension" */;
			buildPhases = (
				FFDADF792ACD35A100DDEF79 /* Sources */,
				FFDADF7A2ACD35A100DDEF79 /* Frameworks */,
				FFDADF7B2ACD35A100DDEF79 /* Resources */,
			);
			buildRules = (
			);
			dependencies = (
			);
			fileSystemSynchronizedGroups = (
				FF52DEC22CADEA000023F8DE /* Basic-Car-Maintenance-Widget */,
			);
			name = "Basic-Car-Maintenance-WidgetExtension";
			productName = "Basic-Car-Maintenance-WidgetExtension";
			productReference = FFDADF7D2ACD35A100DDEF79 /* Basic-Car-Maintenance-WidgetExtension.appex */;
			productType = "com.apple.product-type.app-extension";
		};
/* End PBXNativeTarget section */

/* Begin PBXProject section */
		FF5D139B2A86C2D500BC9BD6 /* Project object */ = {
			isa = PBXProject;
			attributes = {
				BuildIndependentTargetsInParallel = 1;
				LastSwiftUpdateCheck = 1500;
				LastUpgradeCheck = 1600;
				TargetAttributes = {
					FF5D13A22A86C2D600BC9BD6 = {
						CreatedOnToolsVersion = 15.0;
					};
					FF5D13B32A86C2D800BC9BD6 = {
						CreatedOnToolsVersion = 15.0;
						TestTargetID = FF5D13A22A86C2D600BC9BD6;
					};
					FF5D13BD2A86C2D800BC9BD6 = {
						CreatedOnToolsVersion = 15.0;
						TestTargetID = FF5D13A22A86C2D600BC9BD6;
					};
					FFDADF7C2ACD35A100DDEF79 = {
						CreatedOnToolsVersion = 15.0;
					};
				};
			};
			buildConfigurationList = FF5D139E2A86C2D500BC9BD6 /* Build configuration list for PBXProject "Basic-Car-Maintenance" */;
			compatibilityVersion = "Xcode 14.0";
			developmentRegion = en;
			hasScannedForEncodings = 0;
			knownRegions = (
				en,
				Base,
				cs,
				de,
				fr,
				uk,
				hi,
				ko,
				be,
				ru,
				"pt-BR",
				nl,
			);
			mainGroup = FF5D139A2A86C2D500BC9BD6;
			packageReferences = (
				FFC8CDA52AA3867A00D129A6 /* XCRemoteSwiftPackageReference "firebase-ios-sdk" */,
				C90C058A2CB0FC5800046C42 /* XCRemoteSwiftPackageReference "SwiftLintPlugins" */,
			);
			productRefGroup = FF5D13A42A86C2D600BC9BD6 /* Products */;
			projectDirPath = "";
			projectRoot = "";
			targets = (
				FF5D13A22A86C2D600BC9BD6 /* Basic-Car-Maintenance */,
				FF5D13B32A86C2D800BC9BD6 /* Basic-Car-Maintenance-Tests */,
				FF5D13BD2A86C2D800BC9BD6 /* Basic-Car-Maintenance-UITests */,
				FFDADF7C2ACD35A100DDEF79 /* Basic-Car-Maintenance-WidgetExtension */,
			);
		};
/* End PBXProject section */

/* Begin PBXResourcesBuildPhase section */
		FF5D13A12A86C2D600BC9BD6 /* Resources */ = {
			isa = PBXResourcesBuildPhase;
			buildActionMask = 2147483647;
			files = (
			);
			runOnlyForDeploymentPostprocessing = 0;
		};
		FF5D13B22A86C2D800BC9BD6 /* Resources */ = {
			isa = PBXResourcesBuildPhase;
			buildActionMask = 2147483647;
			files = (
			);
			runOnlyForDeploymentPostprocessing = 0;
		};
		FF5D13BC2A86C2D800BC9BD6 /* Resources */ = {
			isa = PBXResourcesBuildPhase;
			buildActionMask = 2147483647;
			files = (
			);
			runOnlyForDeploymentPostprocessing = 0;
		};
		FFDADF7B2ACD35A100DDEF79 /* Resources */ = {
			isa = PBXResourcesBuildPhase;
			buildActionMask = 2147483647;
			files = (
			);
			runOnlyForDeploymentPostprocessing = 0;
		};
/* End PBXResourcesBuildPhase section */

/* Begin PBXShellScriptBuildPhase section */
		FF50DDC22B07DF0C00E87362 /* ShellScript */ = {
			isa = PBXShellScriptBuildPhase;
			alwaysOutOfDate = 1;
			buildActionMask = 2147483647;
			files = (
			);
			inputFileListPaths = (
			);
			inputPaths = (
				" $(SRCROOT)/${DWARF_DSYM_FOLDER_PATH}/${DWARF_DSYM_FILE_NAME}",
				" $(SRCROOT)/${DWARF_DSYM_FOLDER_PATH}/${DWARF_DSYM_FILE_NAME}/Contents/Resources/DWARF/${PRODUCT_NAME}",
				" $(SRCROOT)/${DWARF_DSYM_FOLDER_PATH}/${DWARF_DSYM_FILE_NAME}/Contents/Info.plist",
				" $(SRCROOT)/$(TARGET_BUILD_DIR)/$(UNLOCALIZED_RESOURCES_FOLDER_PATH)/GoogleService-Info.plist",
				" $(SRCROOT)/$(TARGET_BUILD_DIR)/$(EXECUTABLE_PATH)",
			);
			outputFileListPaths = (
			);
			outputPaths = (
			);
			runOnlyForDeploymentPostprocessing = 0;
			shellPath = /bin/sh;
			shellScript = "# Type a script or drag a script file from your workspace to insert its path.\n\n\"${BUILD_DIR%/Build/*}/SourcePackages/checkouts/firebase-ios-sdk/Crashlytics/run\"\n";
		};
/* End PBXShellScriptBuildPhase section */

/* Begin PBXSourcesBuildPhase section */
		FF5D139F2A86C2D600BC9BD6 /* Sources */ = {
			isa = PBXSourcesBuildPhase;
			buildActionMask = 2147483647;
			files = (
			);
			runOnlyForDeploymentPostprocessing = 0;
		};
		FF5D13B02A86C2D800BC9BD6 /* Sources */ = {
			isa = PBXSourcesBuildPhase;
			buildActionMask = 2147483647;
			files = (
			);
			runOnlyForDeploymentPostprocessing = 0;
		};
		FF5D13BA2A86C2D800BC9BD6 /* Sources */ = {
			isa = PBXSourcesBuildPhase;
			buildActionMask = 2147483647;
			files = (
			);
			runOnlyForDeploymentPostprocessing = 0;
		};
		FFDADF792ACD35A100DDEF79 /* Sources */ = {
			isa = PBXSourcesBuildPhase;
			buildActionMask = 2147483647;
			files = (
			);
			runOnlyForDeploymentPostprocessing = 0;
		};
/* End PBXSourcesBuildPhase section */

/* Begin PBXTargetDependency section */
		C90C058C2CB0FC8000046C42 /* PBXTargetDependency */ = {
			isa = PBXTargetDependency;
			productRef = C90C058B2CB0FC8000046C42 /* SwiftLintBuildToolPlugin */;
		};
		FF5D13B62A86C2D800BC9BD6 /* PBXTargetDependency */ = {
			isa = PBXTargetDependency;
			target = FF5D13A22A86C2D600BC9BD6 /* Basic-Car-Maintenance */;
			targetProxy = FF5D13B52A86C2D800BC9BD6 /* PBXContainerItemProxy */;
		};
		FF5D13C02A86C2D800BC9BD6 /* PBXTargetDependency */ = {
			isa = PBXTargetDependency;
			target = FF5D13A22A86C2D600BC9BD6 /* Basic-Car-Maintenance */;
			targetProxy = FF5D13BF2A86C2D800BC9BD6 /* PBXContainerItemProxy */;
		};
		FFDADF8D2ACD35A200DDEF79 /* PBXTargetDependency */ = {
			isa = PBXTargetDependency;
			target = FFDADF7C2ACD35A100DDEF79 /* Basic-Car-Maintenance-WidgetExtension */;
			targetProxy = FFDADF8C2ACD35A200DDEF79 /* PBXContainerItemProxy */;
		};
/* End PBXTargetDependency section */

/* Begin XCBuildConfiguration section */
		FF5D13C62A86C2D800BC9BD6 /* Debug */ = {
			isa = XCBuildConfiguration;
			baseConfigurationReferenceAnchor = FF52DED52CADEA150023F8DE /* Configurations */;
			baseConfigurationReferenceRelativePath = Project.xcconfig;
			buildSettings = {
				ALWAYS_SEARCH_USER_PATHS = NO;
				ASSETCATALOG_COMPILER_GENERATE_SWIFT_ASSET_SYMBOL_EXTENSIONS = YES;
				CLANG_ANALYZER_LOCALIZABILITY_NONLOCALIZED = YES;
				CLANG_ANALYZER_NONNULL = YES;
				CLANG_ANALYZER_NUMBER_OBJECT_CONVERSION = YES_AGGRESSIVE;
				CLANG_CXX_LANGUAGE_STANDARD = "gnu++20";
				CLANG_ENABLE_MODULES = YES;
				CLANG_ENABLE_OBJC_ARC = YES;
				CLANG_ENABLE_OBJC_WEAK = YES;
				CLANG_WARN_BLOCK_CAPTURE_AUTORELEASING = YES;
				CLANG_WARN_BOOL_CONVERSION = YES;
				CLANG_WARN_COMMA = YES;
				CLANG_WARN_CONSTANT_CONVERSION = YES;
				CLANG_WARN_DEPRECATED_OBJC_IMPLEMENTATIONS = YES;
				CLANG_WARN_DIRECT_OBJC_ISA_USAGE = YES_ERROR;
				CLANG_WARN_DOCUMENTATION_COMMENTS = YES;
				CLANG_WARN_EMPTY_BODY = YES;
				CLANG_WARN_ENUM_CONVERSION = YES;
				CLANG_WARN_INFINITE_RECURSION = YES;
				CLANG_WARN_INT_CONVERSION = YES;
				CLANG_WARN_NON_LITERAL_NULL_CONVERSION = YES;
				CLANG_WARN_OBJC_IMPLICIT_RETAIN_SELF = YES;
				CLANG_WARN_OBJC_LITERAL_CONVERSION = YES;
				CLANG_WARN_OBJC_ROOT_CLASS = YES_ERROR;
				CLANG_WARN_QUOTED_INCLUDE_IN_FRAMEWORK_HEADER = YES;
				CLANG_WARN_RANGE_LOOP_ANALYSIS = YES;
				CLANG_WARN_STRICT_PROTOTYPES = YES;
				CLANG_WARN_SUSPICIOUS_MOVE = YES;
				CLANG_WARN_UNGUARDED_AVAILABILITY = YES_AGGRESSIVE;
				CLANG_WARN_UNREACHABLE_CODE = YES;
				CLANG_WARN__DUPLICATE_METHOD_MATCH = YES;
				COPY_PHASE_STRIP = NO;
				DEAD_CODE_STRIPPING = YES;
				DEBUG_INFORMATION_FORMAT = "dwarf-with-dsym";
				ENABLE_STRICT_OBJC_MSGSEND = YES;
				ENABLE_TESTABILITY = YES;
				ENABLE_USER_SCRIPT_SANDBOXING = NO;
				GCC_C_LANGUAGE_STANDARD = gnu17;
				GCC_DYNAMIC_NO_PIC = NO;
				GCC_NO_COMMON_BLOCKS = YES;
				GCC_OPTIMIZATION_LEVEL = 0;
				GCC_PREPROCESSOR_DEFINITIONS = (
					"DEBUG=1",
					"$(inherited)",
				);
				GCC_WARN_64_TO_32_BIT_CONVERSION = YES;
				GCC_WARN_ABOUT_RETURN_TYPE = YES_ERROR;
				GCC_WARN_UNDECLARED_SELECTOR = YES;
				GCC_WARN_UNINITIALIZED_AUTOS = YES_AGGRESSIVE;
				GCC_WARN_UNUSED_FUNCTION = YES;
				GCC_WARN_UNUSED_VARIABLE = YES;
				LOCALIZATION_PREFERS_STRING_CATALOGS = YES;
				MTL_ENABLE_DEBUG_INFO = INCLUDE_SOURCE;
				MTL_FAST_MATH = YES;
				ONLY_ACTIVE_ARCH = YES;
				SWIFT_ACTIVE_COMPILATION_CONDITIONS = "DEBUG $(inherited)";
				SWIFT_OPTIMIZATION_LEVEL = "-Onone";
			};
			name = Debug;
		};
		FF5D13C72A86C2D800BC9BD6 /* Release */ = {
			isa = XCBuildConfiguration;
			baseConfigurationReferenceAnchor = FF52DED52CADEA150023F8DE /* Configurations */;
			baseConfigurationReferenceRelativePath = Project.xcconfig;
			buildSettings = {
				ALWAYS_SEARCH_USER_PATHS = NO;
				ASSETCATALOG_COMPILER_GENERATE_SWIFT_ASSET_SYMBOL_EXTENSIONS = YES;
				CLANG_ANALYZER_LOCALIZABILITY_NONLOCALIZED = YES;
				CLANG_ANALYZER_NONNULL = YES;
				CLANG_ANALYZER_NUMBER_OBJECT_CONVERSION = YES_AGGRESSIVE;
				CLANG_CXX_LANGUAGE_STANDARD = "gnu++20";
				CLANG_ENABLE_MODULES = YES;
				CLANG_ENABLE_OBJC_ARC = YES;
				CLANG_ENABLE_OBJC_WEAK = YES;
				CLANG_WARN_BLOCK_CAPTURE_AUTORELEASING = YES;
				CLANG_WARN_BOOL_CONVERSION = YES;
				CLANG_WARN_COMMA = YES;
				CLANG_WARN_CONSTANT_CONVERSION = YES;
				CLANG_WARN_DEPRECATED_OBJC_IMPLEMENTATIONS = YES;
				CLANG_WARN_DIRECT_OBJC_ISA_USAGE = YES_ERROR;
				CLANG_WARN_DOCUMENTATION_COMMENTS = YES;
				CLANG_WARN_EMPTY_BODY = YES;
				CLANG_WARN_ENUM_CONVERSION = YES;
				CLANG_WARN_INFINITE_RECURSION = YES;
				CLANG_WARN_INT_CONVERSION = YES;
				CLANG_WARN_NON_LITERAL_NULL_CONVERSION = YES;
				CLANG_WARN_OBJC_IMPLICIT_RETAIN_SELF = YES;
				CLANG_WARN_OBJC_LITERAL_CONVERSION = YES;
				CLANG_WARN_OBJC_ROOT_CLASS = YES_ERROR;
				CLANG_WARN_QUOTED_INCLUDE_IN_FRAMEWORK_HEADER = YES;
				CLANG_WARN_RANGE_LOOP_ANALYSIS = YES;
				CLANG_WARN_STRICT_PROTOTYPES = YES;
				CLANG_WARN_SUSPICIOUS_MOVE = YES;
				CLANG_WARN_UNGUARDED_AVAILABILITY = YES_AGGRESSIVE;
				CLANG_WARN_UNREACHABLE_CODE = YES;
				CLANG_WARN__DUPLICATE_METHOD_MATCH = YES;
				COPY_PHASE_STRIP = NO;
				DEAD_CODE_STRIPPING = YES;
				DEBUG_INFORMATION_FORMAT = "dwarf-with-dsym";
				ENABLE_NS_ASSERTIONS = NO;
				ENABLE_STRICT_OBJC_MSGSEND = YES;
				ENABLE_USER_SCRIPT_SANDBOXING = NO;
				GCC_C_LANGUAGE_STANDARD = gnu17;
				GCC_NO_COMMON_BLOCKS = YES;
				GCC_WARN_64_TO_32_BIT_CONVERSION = YES;
				GCC_WARN_ABOUT_RETURN_TYPE = YES_ERROR;
				GCC_WARN_UNDECLARED_SELECTOR = YES;
				GCC_WARN_UNINITIALIZED_AUTOS = YES_AGGRESSIVE;
				GCC_WARN_UNUSED_FUNCTION = YES;
				GCC_WARN_UNUSED_VARIABLE = YES;
				LOCALIZATION_PREFERS_STRING_CATALOGS = YES;
				MTL_ENABLE_DEBUG_INFO = NO;
				MTL_FAST_MATH = YES;
				SWIFT_COMPILATION_MODE = wholemodule;
			};
			name = Release;
		};
		FF5D13C92A86C2D800BC9BD6 /* Debug */ = {
			isa = XCBuildConfiguration;
			buildSettings = {
				ASSETCATALOG_COMPILER_ALTERNATE_APPICON_NAMES = "";
				ASSETCATALOG_COMPILER_APPICON_NAME = AppIcon;
				ASSETCATALOG_COMPILER_GLOBAL_ACCENT_COLOR_NAME = AccentColor;
				ASSETCATALOG_COMPILER_INCLUDE_ALL_APPICON_ASSETS = YES;
				CODE_SIGN_ENTITLEMENTS = "Basic-Car-Maintenance/Basic_Car_Maintenance.entitlements";
				CODE_SIGN_STYLE = Automatic;
				DEAD_CODE_STRIPPING = YES;
				DEVELOPMENT_ASSET_PATHS = "\"Basic-Car-Maintenance/Preview Content\"";
				ENABLE_HARDENED_RUNTIME = YES;
				ENABLE_PREVIEWS = YES;
				GENERATE_INFOPLIST_FILE = YES;
				INFOPLIST_FILE = "Basic-Car-Maintenance/Shared/Info.plist";
				INFOPLIST_KEY_CFBundleDisplayName = "Basic Car";
				"INFOPLIST_KEY_UIApplicationSceneManifest_Generation[sdk=iphoneos*]" = YES;
				"INFOPLIST_KEY_UIApplicationSceneManifest_Generation[sdk=iphonesimulator*]" = YES;
				"INFOPLIST_KEY_UIApplicationSupportsIndirectInputEvents[sdk=iphoneos*]" = YES;
				"INFOPLIST_KEY_UIApplicationSupportsIndirectInputEvents[sdk=iphonesimulator*]" = YES;
				"INFOPLIST_KEY_UILaunchScreen_Generation[sdk=iphoneos*]" = YES;
				"INFOPLIST_KEY_UILaunchScreen_Generation[sdk=iphonesimulator*]" = YES;
				"INFOPLIST_KEY_UIStatusBarStyle[sdk=iphoneos*]" = UIStatusBarStyleDefault;
				"INFOPLIST_KEY_UIStatusBarStyle[sdk=iphonesimulator*]" = UIStatusBarStyleDefault;
				INFOPLIST_KEY_UISupportedInterfaceOrientations_iPad = "UIInterfaceOrientationPortrait UIInterfaceOrientationPortraitUpsideDown UIInterfaceOrientationLandscapeLeft UIInterfaceOrientationLandscapeRight";
				INFOPLIST_KEY_UISupportedInterfaceOrientations_iPhone = "UIInterfaceOrientationPortrait UIInterfaceOrientationLandscapeLeft UIInterfaceOrientationLandscapeRight";
				IPHONEOS_DEPLOYMENT_TARGET = 17.0;
				LD_RUNPATH_SEARCH_PATHS = "@executable_path/Frameworks";
				"LD_RUNPATH_SEARCH_PATHS[sdk=macosx*]" = "@executable_path/../Frameworks";
				MACOSX_DEPLOYMENT_TARGET = 13.4;
				OTHER_LDFLAGS = "-ObjC";
				PRODUCT_NAME = "$(TARGET_NAME)";
				SDKROOT = auto;
				SUPPORTED_PLATFORMS = "iphoneos iphonesimulator macosx";
				SWIFT_EMIT_LOC_STRINGS = YES;
				SWIFT_VERSION = 5.0;
				TARGETED_DEVICE_FAMILY = "1,2";
			};
			name = Debug;
		};
		FF5D13CA2A86C2D800BC9BD6 /* Release */ = {
			isa = XCBuildConfiguration;
			baseConfigurationReference = FF098EFA2AB3424E003EC0FE /* Basic-Car-Maintenance.xcconfig */;
			buildSettings = {
				ASSETCATALOG_COMPILER_ALTERNATE_APPICON_NAMES = "";
				ASSETCATALOG_COMPILER_APPICON_NAME = AppIcon;
				ASSETCATALOG_COMPILER_GLOBAL_ACCENT_COLOR_NAME = AccentColor;
				ASSETCATALOG_COMPILER_INCLUDE_ALL_APPICON_ASSETS = YES;
				CODE_SIGN_ENTITLEMENTS = "Basic-Car-Maintenance/Basic_Car_Maintenance.entitlements";
				CODE_SIGN_STYLE = Automatic;
				DEAD_CODE_STRIPPING = YES;
				DEVELOPMENT_ASSET_PATHS = "\"Basic-Car-Maintenance/Preview Content\"";
				ENABLE_HARDENED_RUNTIME = YES;
				ENABLE_PREVIEWS = YES;
				GENERATE_INFOPLIST_FILE = YES;
				INFOPLIST_FILE = "Basic-Car-Maintenance/Shared/Info.plist";
				INFOPLIST_KEY_CFBundleDisplayName = "Basic Car";
				"INFOPLIST_KEY_UIApplicationSceneManifest_Generation[sdk=iphoneos*]" = YES;
				"INFOPLIST_KEY_UIApplicationSceneManifest_Generation[sdk=iphonesimulator*]" = YES;
				"INFOPLIST_KEY_UIApplicationSupportsIndirectInputEvents[sdk=iphoneos*]" = YES;
				"INFOPLIST_KEY_UIApplicationSupportsIndirectInputEvents[sdk=iphonesimulator*]" = YES;
				"INFOPLIST_KEY_UILaunchScreen_Generation[sdk=iphoneos*]" = YES;
				"INFOPLIST_KEY_UILaunchScreen_Generation[sdk=iphonesimulator*]" = YES;
				"INFOPLIST_KEY_UIStatusBarStyle[sdk=iphoneos*]" = UIStatusBarStyleDefault;
				"INFOPLIST_KEY_UIStatusBarStyle[sdk=iphonesimulator*]" = UIStatusBarStyleDefault;
				INFOPLIST_KEY_UISupportedInterfaceOrientations_iPad = "UIInterfaceOrientationPortrait UIInterfaceOrientationPortraitUpsideDown UIInterfaceOrientationLandscapeLeft UIInterfaceOrientationLandscapeRight";
				INFOPLIST_KEY_UISupportedInterfaceOrientations_iPhone = "UIInterfaceOrientationPortrait UIInterfaceOrientationLandscapeLeft UIInterfaceOrientationLandscapeRight";
				IPHONEOS_DEPLOYMENT_TARGET = 17.0;
				LD_RUNPATH_SEARCH_PATHS = "@executable_path/Frameworks";
				"LD_RUNPATH_SEARCH_PATHS[sdk=macosx*]" = "@executable_path/../Frameworks";
				MACOSX_DEPLOYMENT_TARGET = 13.4;
				OTHER_LDFLAGS = "-ObjC";
				PRODUCT_NAME = "$(TARGET_NAME)";
				SDKROOT = auto;
				SUPPORTED_PLATFORMS = "iphoneos iphonesimulator macosx";
				SWIFT_EMIT_LOC_STRINGS = YES;
				SWIFT_VERSION = 5.0;
				TARGETED_DEVICE_FAMILY = "1,2";
			};
			name = Release;
		};
		FF5D13CC2A86C2D800BC9BD6 /* Debug */ = {
			isa = XCBuildConfiguration;
			baseConfigurationReferenceAnchor = FF52DED52CADEA150023F8DE /* Configurations */;
			baseConfigurationReferenceRelativePath = UnitTests.xcconfig;
			buildSettings = {
				BUNDLE_LOADER = "$(TEST_HOST)";
				CODE_SIGN_STYLE = Automatic;
				DEAD_CODE_STRIPPING = YES;
				GENERATE_INFOPLIST_FILE = YES;
				IPHONEOS_DEPLOYMENT_TARGET = 17.0;
				MACOSX_DEPLOYMENT_TARGET = 13.4;
				PRODUCT_NAME = "$(TARGET_NAME)";
				SDKROOT = auto;
				SUPPORTED_PLATFORMS = "iphoneos iphonesimulator macosx";
				SWIFT_EMIT_LOC_STRINGS = NO;
				SWIFT_VERSION = 5.0;
				TARGETED_DEVICE_FAMILY = "1,2";
				TEST_HOST = "$(BUILT_PRODUCTS_DIR)/Basic-Car-Maintenance.app/$(BUNDLE_EXECUTABLE_FOLDER_PATH)/Basic-Car-Maintenance";
			};
			name = Debug;
		};
		FF5D13CD2A86C2D800BC9BD6 /* Release */ = {
			isa = XCBuildConfiguration;
			baseConfigurationReferenceAnchor = FF52DED52CADEA150023F8DE /* Configurations */;
			baseConfigurationReferenceRelativePath = UnitTests.xcconfig;
			buildSettings = {
				BUNDLE_LOADER = "$(TEST_HOST)";
				CODE_SIGN_STYLE = Automatic;
				DEAD_CODE_STRIPPING = YES;
				GENERATE_INFOPLIST_FILE = YES;
				IPHONEOS_DEPLOYMENT_TARGET = 17.0;
				MACOSX_DEPLOYMENT_TARGET = 13.4;
				PRODUCT_NAME = "$(TARGET_NAME)";
				SDKROOT = auto;
				SUPPORTED_PLATFORMS = "iphoneos iphonesimulator macosx";
				SWIFT_EMIT_LOC_STRINGS = NO;
				SWIFT_VERSION = 5.0;
				TARGETED_DEVICE_FAMILY = "1,2";
				TEST_HOST = "$(BUILT_PRODUCTS_DIR)/Basic-Car-Maintenance.app/$(BUNDLE_EXECUTABLE_FOLDER_PATH)/Basic-Car-Maintenance";
			};
			name = Release;
		};
		FF5D13CF2A86C2D800BC9BD6 /* Debug */ = {
			isa = XCBuildConfiguration;
			baseConfigurationReferenceAnchor = FF52DED52CADEA150023F8DE /* Configurations */;
			baseConfigurationReferenceRelativePath = UITests.xcconfig;
			buildSettings = {
				CODE_SIGN_STYLE = Automatic;
				DEAD_CODE_STRIPPING = YES;
				GENERATE_INFOPLIST_FILE = YES;
				IPHONEOS_DEPLOYMENT_TARGET = 17.0;
				MACOSX_DEPLOYMENT_TARGET = 13.4;
				PRODUCT_NAME = "$(TARGET_NAME)";
				SDKROOT = auto;
				SUPPORTED_PLATFORMS = "iphoneos iphonesimulator macosx";
				SWIFT_EMIT_LOC_STRINGS = NO;
				SWIFT_VERSION = 5.0;
				TARGETED_DEVICE_FAMILY = "1,2";
				TEST_TARGET_NAME = "Basic-Car-Maintenance";
			};
			name = Debug;
		};
		FF5D13D02A86C2D800BC9BD6 /* Release */ = {
			isa = XCBuildConfiguration;
			baseConfigurationReferenceAnchor = FF52DED52CADEA150023F8DE /* Configurations */;
			baseConfigurationReferenceRelativePath = UITests.xcconfig;
			buildSettings = {
				CODE_SIGN_STYLE = Automatic;
				DEAD_CODE_STRIPPING = YES;
				GENERATE_INFOPLIST_FILE = YES;
				IPHONEOS_DEPLOYMENT_TARGET = 17.0;
				MACOSX_DEPLOYMENT_TARGET = 13.4;
				PRODUCT_NAME = "$(TARGET_NAME)";
				SDKROOT = auto;
				SUPPORTED_PLATFORMS = "iphoneos iphonesimulator macosx";
				SWIFT_EMIT_LOC_STRINGS = NO;
				SWIFT_VERSION = 5.0;
				TARGETED_DEVICE_FAMILY = "1,2";
				TEST_TARGET_NAME = "Basic-Car-Maintenance";
			};
			name = Release;
		};
		FFDADF902ACD35A200DDEF79 /* Debug */ = {
			isa = XCBuildConfiguration;
			baseConfigurationReferenceAnchor = FF52DED52CADEA150023F8DE /* Configurations */;
			baseConfigurationReferenceRelativePath = Widget.xcconfig;
			buildSettings = {
				ASSETCATALOG_COMPILER_GLOBAL_ACCENT_COLOR_NAME = AccentColor;
				ASSETCATALOG_COMPILER_WIDGET_BACKGROUND_COLOR_NAME = WidgetBackground;
				CODE_SIGN_ENTITLEMENTS = "Basic-Car-Maintenance-Widget/Basic-Car-Maintenance-WidgetExtension.entitlements";
				CODE_SIGN_STYLE = Automatic;
				ENABLE_USER_SCRIPT_SANDBOXING = YES;
				GENERATE_INFOPLIST_FILE = YES;
				INFOPLIST_FILE = "Basic-Car-Maintenance-Widget/Info.plist";
				INFOPLIST_KEY_CFBundleDisplayName = "Basic-Car-Maintenance-Widget";
				INFOPLIST_KEY_NSHumanReadableCopyright = "";
				IPHONEOS_DEPLOYMENT_TARGET = 17.0;
				LD_RUNPATH_SEARCH_PATHS = (
					"$(inherited)",
					"@executable_path/Frameworks",
					"@executable_path/../../Frameworks",
				);
				PRODUCT_NAME = "$(TARGET_NAME)";
				SDKROOT = iphoneos;
				SKIP_INSTALL = YES;
				SWIFT_EMIT_LOC_STRINGS = YES;
				SWIFT_VERSION = 5.0;
				TARGETED_DEVICE_FAMILY = "1,2";
			};
			name = Debug;
		};
		FFDADF912ACD35A200DDEF79 /* Release */ = {
			isa = XCBuildConfiguration;
			baseConfigurationReferenceAnchor = FF52DED52CADEA150023F8DE /* Configurations */;
			baseConfigurationReferenceRelativePath = Widget.xcconfig;
			buildSettings = {
				ASSETCATALOG_COMPILER_GLOBAL_ACCENT_COLOR_NAME = AccentColor;
				ASSETCATALOG_COMPILER_WIDGET_BACKGROUND_COLOR_NAME = WidgetBackground;
				CODE_SIGN_ENTITLEMENTS = "Basic-Car-Maintenance-Widget/Basic-Car-Maintenance-WidgetExtension.entitlements";
				CODE_SIGN_STYLE = Automatic;
				ENABLE_USER_SCRIPT_SANDBOXING = YES;
				GENERATE_INFOPLIST_FILE = YES;
				INFOPLIST_FILE = "Basic-Car-Maintenance-Widget/Info.plist";
				INFOPLIST_KEY_CFBundleDisplayName = "Basic-Car-Maintenance-Widget";
				INFOPLIST_KEY_NSHumanReadableCopyright = "";
				IPHONEOS_DEPLOYMENT_TARGET = 17.0;
				LD_RUNPATH_SEARCH_PATHS = (
					"$(inherited)",
					"@executable_path/Frameworks",
					"@executable_path/../../Frameworks",
				);
				PRODUCT_NAME = "$(TARGET_NAME)";
				SDKROOT = iphoneos;
				SKIP_INSTALL = YES;
				SWIFT_EMIT_LOC_STRINGS = YES;
				SWIFT_VERSION = 5.0;
				TARGETED_DEVICE_FAMILY = "1,2";
				VALIDATE_PRODUCT = YES;
			};
			name = Release;
		};
/* End XCBuildConfiguration section */

/* Begin XCConfigurationList section */
		FF5D139E2A86C2D500BC9BD6 /* Build configuration list for PBXProject "Basic-Car-Maintenance" */ = {
			isa = XCConfigurationList;
			buildConfigurations = (
				FF5D13C62A86C2D800BC9BD6 /* Debug */,
				FF5D13C72A86C2D800BC9BD6 /* Release */,
			);
			defaultConfigurationIsVisible = 0;
			defaultConfigurationName = Release;
		};
		FF5D13C82A86C2D800BC9BD6 /* Build configuration list for PBXNativeTarget "Basic-Car-Maintenance" */ = {
			isa = XCConfigurationList;
			buildConfigurations = (
				FF5D13C92A86C2D800BC9BD6 /* Debug */,
				FF5D13CA2A86C2D800BC9BD6 /* Release */,
			);
			defaultConfigurationIsVisible = 0;
			defaultConfigurationName = Release;
		};
		FF5D13CB2A86C2D800BC9BD6 /* Build configuration list for PBXNativeTarget "Basic-Car-Maintenance-Tests" */ = {
			isa = XCConfigurationList;
			buildConfigurations = (
				FF5D13CC2A86C2D800BC9BD6 /* Debug */,
				FF5D13CD2A86C2D800BC9BD6 /* Release */,
			);
			defaultConfigurationIsVisible = 0;
			defaultConfigurationName = Release;
		};
		FF5D13CE2A86C2D800BC9BD6 /* Build configuration list for PBXNativeTarget "Basic-Car-Maintenance-UITests" */ = {
			isa = XCConfigurationList;
			buildConfigurations = (
				FF5D13CF2A86C2D800BC9BD6 /* Debug */,
				FF5D13D02A86C2D800BC9BD6 /* Release */,
			);
			defaultConfigurationIsVisible = 0;
			defaultConfigurationName = Release;
		};
		FFDADF922ACD35A200DDEF79 /* Build configuration list for PBXNativeTarget "Basic-Car-Maintenance-WidgetExtension" */ = {
			isa = XCConfigurationList;
			buildConfigurations = (
				FFDADF902ACD35A200DDEF79 /* Debug */,
				FFDADF912ACD35A200DDEF79 /* Release */,
			);
			defaultConfigurationIsVisible = 0;
			defaultConfigurationName = Release;
		};
/* End XCConfigurationList section */

/* Begin XCRemoteSwiftPackageReference section */
		C90C058A2CB0FC5800046C42 /* XCRemoteSwiftPackageReference "SwiftLintPlugins" */ = {
			isa = XCRemoteSwiftPackageReference;
			repositoryURL = "https://github.com/SimplyDanny/SwiftLintPlugins";
			requirement = {
				kind = upToNextMajorVersion;
				minimumVersion = 0.57.0;
			};
		};
		FFC8CDA52AA3867A00D129A6 /* XCRemoteSwiftPackageReference "firebase-ios-sdk" */ = {
			isa = XCRemoteSwiftPackageReference;
			repositoryURL = "https://github.com/firebase/firebase-ios-sdk.git";
			requirement = {
				kind = upToNextMajorVersion;
				minimumVersion = 10.14.0;
			};
		};
/* End XCRemoteSwiftPackageReference section */

/* Begin XCSwiftPackageProductDependency section */
		C90C058B2CB0FC8000046C42 /* SwiftLintBuildToolPlugin */ = {
			isa = XCSwiftPackageProductDependency;
			package = C90C058A2CB0FC5800046C42 /* XCRemoteSwiftPackageReference "SwiftLintPlugins" */;
			productName = "plugin:SwiftLintBuildToolPlugin";
		};
		ED1FE7682CB4BEDC006F861F /* FirebaseFirestoreSwift */ = {
			isa = XCSwiftPackageProductDependency;
			package = FFC8CDA52AA3867A00D129A6 /* XCRemoteSwiftPackageReference "firebase-ios-sdk" */;
			productName = FirebaseFirestoreSwift;
		};
		ED42FB442CB360FA00C5CC56 /* FirebaseFirestore */ = {
			isa = XCSwiftPackageProductDependency;
			package = FFC8CDA52AA3867A00D129A6 /* XCRemoteSwiftPackageReference "firebase-ios-sdk" */;
			productName = FirebaseFirestore;
		};
		EDB19B462CBD5D6D00E881E6 /* FirebaseAuth */ = {
			isa = XCSwiftPackageProductDependency;
			package = FFC8CDA52AA3867A00D129A6 /* XCRemoteSwiftPackageReference "firebase-ios-sdk" */;
			productName = FirebaseAuth;
		};
		FF153AFE2B07C3E000D0BA30 /* FirebaseCrashlytics */ = {
			isa = XCSwiftPackageProductDependency;
			package = FFC8CDA52AA3867A00D129A6 /* XCRemoteSwiftPackageReference "firebase-ios-sdk" */;
			productName = FirebaseCrashlytics;
		};
		FF4E82BD2AD39863004949AF /* FirebaseRemoteConfig */ = {
			isa = XCSwiftPackageProductDependency;
			package = FFC8CDA52AA3867A00D129A6 /* XCRemoteSwiftPackageReference "firebase-ios-sdk" */;
			productName = FirebaseRemoteConfig;
		};
		FF4E82BF2AD39863004949AF /* FirebaseRemoteConfigSwift */ = {
			isa = XCSwiftPackageProductDependency;
			package = FFC8CDA52AA3867A00D129A6 /* XCRemoteSwiftPackageReference "firebase-ios-sdk" */;
			productName = FirebaseRemoteConfigSwift;
		};
		FF4E82C12AD39863004949AF /* FirebaseStorage */ = {
			isa = XCSwiftPackageProductDependency;
			package = FFC8CDA52AA3867A00D129A6 /* XCRemoteSwiftPackageReference "firebase-ios-sdk" */;
			productName = FirebaseStorage;
		};
		FFC8CDA62AA3867A00D129A6 /* FirebaseAnalytics */ = {
			isa = XCSwiftPackageProductDependency;
			package = FFC8CDA52AA3867A00D129A6 /* XCRemoteSwiftPackageReference "firebase-ios-sdk" */;
			productName = FirebaseAnalytics;
		};
		FFC8CDA82AA3867A00D129A6 /* FirebaseAnalyticsSwift */ = {
			isa = XCSwiftPackageProductDependency;
			package = FFC8CDA52AA3867A00D129A6 /* XCRemoteSwiftPackageReference "firebase-ios-sdk" */;
			productName = FirebaseAnalyticsSwift;
		};
		FFC8CDAA2AA3867A00D129A6 /* FirebaseAuth */ = {
			isa = XCSwiftPackageProductDependency;
			package = FFC8CDA52AA3867A00D129A6 /* XCRemoteSwiftPackageReference "firebase-ios-sdk" */;
			productName = FirebaseAuth;
		};
		FFC8CDAC2AA3867A00D129A6 /* FirebaseFirestore */ = {
			isa = XCSwiftPackageProductDependency;
			package = FFC8CDA52AA3867A00D129A6 /* XCRemoteSwiftPackageReference "firebase-ios-sdk" */;
			productName = FirebaseFirestore;
		};
		FFC8CDAE2AA3867A00D129A6 /* FirebaseFirestoreSwift */ = {
			isa = XCSwiftPackageProductDependency;
			package = FFC8CDA52AA3867A00D129A6 /* XCRemoteSwiftPackageReference "firebase-ios-sdk" */;
			productName = FirebaseFirestoreSwift;
		};
/* End XCSwiftPackageProductDependency section */
	};
	rootObject = FF5D139B2A86C2D500BC9BD6 /* Project object */;
}
