// !$*UTF8*$!
{
	archiveVersion = 1;
	classes = {
	};
	objectVersion = 56;
	objects = {

/* Begin PBXBuildFile section */
		023057F22ACFAD79006C5A73 /* EditEventDetailView.swift in Sources */ = {isa = PBXBuildFile; fileRef = 023057F12ACFAD79006C5A73 /* EditEventDetailView.swift */; };
		8014A4CF2AD75928005B51F6 /* AppIcon.swift in Sources */ = {isa = PBXBuildFile; fileRef = 8014A4CE2AD75928005B51F6 /* AppIcon.swift */; };
		8014A4D12AD76034005B51F6 /* ChooseAppIconView.swift in Sources */ = {isa = PBXBuildFile; fileRef = 8014A4D02AD76034005B51F6 /* ChooseAppIconView.swift */; };
		8014A4D32AD77C92005B51F6 /* ChooseAppIconViewModel.swift in Sources */ = {isa = PBXBuildFile; fileRef = 8014A4D22AD77C92005B51F6 /* ChooseAppIconViewModel.swift */; };
		898009792AD1899700604E7C /* ContributorTests.swift in Sources */ = {isa = PBXBuildFile; fileRef = 898009782AD1899700604E7C /* ContributorTests.swift */; };
		8A3D74862AD6D9A10000FEEB /* AlertView.swift in Sources */ = {isa = PBXBuildFile; fileRef = 8A3D74852AD6D9A10000FEEB /* AlertView.swift */; };
		8AEE816F2ACF37F800FC0C2A /* Action.swift in Sources */ = {isa = PBXBuildFile; fileRef = 8AEE816E2ACF37F800FC0C2A /* Action.swift */; };
		8AEE81722ACF384D00FC0C2A /* MainTabView.swift in Sources */ = {isa = PBXBuildFile; fileRef = 8AEE81712ACF384D00FC0C2A /* MainTabView.swift */; };
		E58499662ACDDA8B00634660 /* ContributorsListView.swift in Sources */ = {isa = PBXBuildFile; fileRef = E58499652ACDDA8B00634660 /* ContributorsListView.swift */; };
		E58499682ACDDA9A00634660 /* ContributorsProfileView.swift in Sources */ = {isa = PBXBuildFile; fileRef = E58499672ACDDA9A00634660 /* ContributorsProfileView.swift */; };
		E584996A2ACDDAFF00634660 /* Contributor.swift in Sources */ = {isa = PBXBuildFile; fileRef = E58499692ACDDAFF00634660 /* Contributor.swift */; };
		FF09FC912AB6FF44006BE61A /* AuthenticationView.swift in Sources */ = {isa = PBXBuildFile; fileRef = FF09FC902AB6FF44006BE61A /* AuthenticationView.swift */; };
		FF3DDF522AA4D28F009D91C4 /* DashboardViewModel.swift in Sources */ = {isa = PBXBuildFile; fileRef = FF3DDF512AA4D28F009D91C4 /* DashboardViewModel.swift */; };
		FF4E82BE2AD39863004949AF /* FirebaseRemoteConfig in Frameworks */ = {isa = PBXBuildFile; productRef = FF4E82BD2AD39863004949AF /* FirebaseRemoteConfig */; };
		FF4E82C02AD39863004949AF /* FirebaseRemoteConfigSwift in Frameworks */ = {isa = PBXBuildFile; productRef = FF4E82BF2AD39863004949AF /* FirebaseRemoteConfigSwift */; };
		FF4E82C22AD39863004949AF /* FirebaseStorage in Frameworks */ = {isa = PBXBuildFile; productRef = FF4E82C12AD39863004949AF /* FirebaseStorage */; };
		FF5D13A72A86C2D600BC9BD6 /* BasicCarMaintenanceApp.swift in Sources */ = {isa = PBXBuildFile; fileRef = FF5D13A62A86C2D600BC9BD6 /* BasicCarMaintenanceApp.swift */; };
		FF5D13AB2A86C2D800BC9BD6 /* Assets.xcassets in Resources */ = {isa = PBXBuildFile; fileRef = FF5D13AA2A86C2D800BC9BD6 /* Assets.xcassets */; };
		FF5D13AF2A86C2D800BC9BD6 /* Preview Assets.xcassets in Resources */ = {isa = PBXBuildFile; fileRef = FF5D13AE2A86C2D800BC9BD6 /* Preview Assets.xcassets */; };
		FF5D13C32A86C2D800BC9BD6 /* BasicCarMaintenanceUITests.swift in Sources */ = {isa = PBXBuildFile; fileRef = FF5D13C22A86C2D800BC9BD6 /* BasicCarMaintenanceUITests.swift */; };
		FF748B5E2AB3589C004748A5 /* AuthenticationViewModel.swift in Sources */ = {isa = PBXBuildFile; fileRef = FF748B5D2AB3589C004748A5 /* AuthenticationViewModel.swift */; };
		FF755B3C2A908E3E00F49A13 /* DashboardView.swift in Sources */ = {isa = PBXBuildFile; fileRef = FF755B3B2A908E3E00F49A13 /* DashboardView.swift */; };
		FF755B3E2A908E7A00F49A13 /* SettingsView.swift in Sources */ = {isa = PBXBuildFile; fileRef = FF755B3D2A908E7A00F49A13 /* SettingsView.swift */; };
		FF755B432A90915E00F49A13 /* Localizable.xcstrings in Resources */ = {isa = PBXBuildFile; fileRef = FF755B422A90915E00F49A13 /* Localizable.xcstrings */; };
		FF755B462A90969D00F49A13 /* Bundle+extension.swift in Sources */ = {isa = PBXBuildFile; fileRef = FF755B452A90969D00F49A13 /* Bundle+extension.swift */; };
		FF755B492A909A0000F49A13 /* AddMaintenanceView.swift in Sources */ = {isa = PBXBuildFile; fileRef = FF755B482A909A0000F49A13 /* AddMaintenanceView.swift */; };
		FFAA56ED2AC8905C000120EE /* Documentation.docc in Sources */ = {isa = PBXBuildFile; fileRef = FFAA56EC2AC8905C000120EE /* Documentation.docc */; };
		FFBFE0912A98EFEC000A9BEB /* MaintenanceEvent.swift in Sources */ = {isa = PBXBuildFile; fileRef = FFBFE0902A98EFEC000A9BEB /* MaintenanceEvent.swift */; };
		FFBFE0932A98F212000A9BEB /* Vehicle.swift in Sources */ = {isa = PBXBuildFile; fileRef = FFBFE0922A98F212000A9BEB /* Vehicle.swift */; };
		FFBFE0972A98F7CB000A9BEB /* AddVehicleView.swift in Sources */ = {isa = PBXBuildFile; fileRef = FFBFE0962A98F7CB000A9BEB /* AddVehicleView.swift */; };
		FFC67D1D2AAEF7920073B338 /* SettingsViewModel.swift in Sources */ = {isa = PBXBuildFile; fileRef = FFC67D1C2AAEF7920073B338 /* SettingsViewModel.swift */; };
		FFC8CDA42AA385E800D129A6 /* GoogleService-Info.plist in Resources */ = {isa = PBXBuildFile; fileRef = FFC8CDA32AA385E800D129A6 /* GoogleService-Info.plist */; };
		FFC8CDA72AA3867A00D129A6 /* FirebaseAnalytics in Frameworks */ = {isa = PBXBuildFile; productRef = FFC8CDA62AA3867A00D129A6 /* FirebaseAnalytics */; };
		FFC8CDA92AA3867A00D129A6 /* FirebaseAnalyticsSwift in Frameworks */ = {isa = PBXBuildFile; productRef = FFC8CDA82AA3867A00D129A6 /* FirebaseAnalyticsSwift */; };
		FFC8CDAB2AA3867A00D129A6 /* FirebaseAuth in Frameworks */ = {isa = PBXBuildFile; productRef = FFC8CDAA2AA3867A00D129A6 /* FirebaseAuth */; };
		FFC8CDAD2AA3867A00D129A6 /* FirebaseFirestore in Frameworks */ = {isa = PBXBuildFile; productRef = FFC8CDAC2AA3867A00D129A6 /* FirebaseFirestore */; };
		FFC8CDAF2AA3867A00D129A6 /* FirebaseFirestoreSwift in Frameworks */ = {isa = PBXBuildFile; productRef = FFC8CDAE2AA3867A00D129A6 /* FirebaseFirestoreSwift */; };
		FFC8CDB32AA4226900D129A6 /* AdSupport.framework in Frameworks */ = {isa = PBXBuildFile; fileRef = FFC8CDB22AA4226900D129A6 /* AdSupport.framework */; };
		FFDADF7F2ACD35A100DDEF79 /* WidgetKit.framework in Frameworks */ = {isa = PBXBuildFile; fileRef = FFDADF7E2ACD35A100DDEF79 /* WidgetKit.framework */; };
		FFDADF812ACD35A100DDEF79 /* SwiftUI.framework in Frameworks */ = {isa = PBXBuildFile; fileRef = FFDADF802ACD35A100DDEF79 /* SwiftUI.framework */; };
		FFDADF842ACD35A100DDEF79 /* BasicCarMaintenanceWidgetBundle.swift in Sources */ = {isa = PBXBuildFile; fileRef = FFDADF832ACD35A100DDEF79 /* BasicCarMaintenanceWidgetBundle.swift */; };
		FFDADF862ACD35A100DDEF79 /* BasicCarMaintenanceWidget.swift in Sources */ = {isa = PBXBuildFile; fileRef = FFDADF852ACD35A100DDEF79 /* BasicCarMaintenanceWidget.swift */; };
		FFDADF882ACD35A100DDEF79 /* AppIntent.swift in Sources */ = {isa = PBXBuildFile; fileRef = FFDADF872ACD35A100DDEF79 /* AppIntent.swift */; };
		FFDADF8A2ACD35A200DDEF79 /* Assets.xcassets in Resources */ = {isa = PBXBuildFile; fileRef = FFDADF892ACD35A200DDEF79 /* Assets.xcassets */; };
		FFDADF8E2ACD35A200DDEF79 /* Basic-Car-Maintenance-WidgetExtension.appex in Embed Foundation Extensions */ = {isa = PBXBuildFile; fileRef = FFDADF7D2ACD35A100DDEF79 /* Basic-Car-Maintenance-WidgetExtension.appex */; settings = {ATTRIBUTES = (RemoveHeadersOnCopy, ); }; };
		FFE0AF562AD66C3500AB46F8 /* OdometerView.swift in Sources */ = {isa = PBXBuildFile; fileRef = FFE0AF552AD66C3500AB46F8 /* OdometerView.swift */; };
/* End PBXBuildFile section */

/* Begin PBXContainerItemProxy section */
		FF5D13B52A86C2D800BC9BD6 /* PBXContainerItemProxy */ = {
			isa = PBXContainerItemProxy;
			containerPortal = FF5D139B2A86C2D500BC9BD6 /* Project object */;
			proxyType = 1;
			remoteGlobalIDString = FF5D13A22A86C2D600BC9BD6;
			remoteInfo = "Basic-Car-Maintenance";
		};
		FF5D13BF2A86C2D800BC9BD6 /* PBXContainerItemProxy */ = {
			isa = PBXContainerItemProxy;
			containerPortal = FF5D139B2A86C2D500BC9BD6 /* Project object */;
			proxyType = 1;
			remoteGlobalIDString = FF5D13A22A86C2D600BC9BD6;
			remoteInfo = "Basic-Car-Maintenance";
		};
		FFDADF8C2ACD35A200DDEF79 /* PBXContainerItemProxy */ = {
			isa = PBXContainerItemProxy;
			containerPortal = FF5D139B2A86C2D500BC9BD6 /* Project object */;
			proxyType = 1;
			remoteGlobalIDString = FFDADF7C2ACD35A100DDEF79;
			remoteInfo = "Basic-Car-Maintenance-WidgetExtension";
		};
/* End PBXContainerItemProxy section */

/* Begin PBXCopyFilesBuildPhase section */
		FFDADF8F2ACD35A200DDEF79 /* Embed Foundation Extensions */ = {
			isa = PBXCopyFilesBuildPhase;
			buildActionMask = 2147483647;
			dstPath = "";
			dstSubfolderSpec = 13;
			files = (
				FFDADF8E2ACD35A200DDEF79 /* Basic-Car-Maintenance-WidgetExtension.appex in Embed Foundation Extensions */,
			);
			name = "Embed Foundation Extensions";
			runOnlyForDeploymentPostprocessing = 0;
		};
/* End PBXCopyFilesBuildPhase section */

/* Begin PBXFileReference section */
		023057F12ACFAD79006C5A73 /* EditEventDetailView.swift */ = {isa = PBXFileReference; lastKnownFileType = sourcecode.swift; path = EditEventDetailView.swift; sourceTree = "<group>"; };
		8014A4CE2AD75928005B51F6 /* AppIcon.swift */ = {isa = PBXFileReference; lastKnownFileType = sourcecode.swift; path = AppIcon.swift; sourceTree = "<group>"; };
		8014A4D02AD76034005B51F6 /* ChooseAppIconView.swift */ = {isa = PBXFileReference; lastKnownFileType = sourcecode.swift; path = ChooseAppIconView.swift; sourceTree = "<group>"; };
		8014A4D22AD77C92005B51F6 /* ChooseAppIconViewModel.swift */ = {isa = PBXFileReference; lastKnownFileType = sourcecode.swift; path = ChooseAppIconViewModel.swift; sourceTree = "<group>"; };
		898009782AD1899700604E7C /* ContributorTests.swift */ = {isa = PBXFileReference; lastKnownFileType = sourcecode.swift; path = ContributorTests.swift; sourceTree = "<group>"; };
		8A3D74852AD6D9A10000FEEB /* AlertView.swift */ = {isa = PBXFileReference; lastKnownFileType = sourcecode.swift; path = AlertView.swift; sourceTree = "<group>"; };
		8AEE816E2ACF37F800FC0C2A /* Action.swift */ = {isa = PBXFileReference; lastKnownFileType = sourcecode.swift; path = Action.swift; sourceTree = "<group>"; };
		8AEE81712ACF384D00FC0C2A /* MainTabView.swift */ = {isa = PBXFileReference; lastKnownFileType = sourcecode.swift; path = MainTabView.swift; sourceTree = "<group>"; };
		8AEE81732ACF394E00FC0C2A /* Info.plist */ = {isa = PBXFileReference; lastKnownFileType = text.plist.xml; path = Info.plist; sourceTree = "<group>"; };
		E58499652ACDDA8B00634660 /* ContributorsListView.swift */ = {isa = PBXFileReference; lastKnownFileType = sourcecode.swift; path = ContributorsListView.swift; sourceTree = "<group>"; };
		E58499672ACDDA9A00634660 /* ContributorsProfileView.swift */ = {isa = PBXFileReference; lastKnownFileType = sourcecode.swift; path = ContributorsProfileView.swift; sourceTree = "<group>"; };
		E58499692ACDDAFF00634660 /* Contributor.swift */ = {isa = PBXFileReference; lastKnownFileType = sourcecode.swift; path = Contributor.swift; sourceTree = "<group>"; };
		FF0813562AD0A83000910EFA /* UITests.xcconfig */ = {isa = PBXFileReference; lastKnownFileType = text.xcconfig; path = UITests.xcconfig; sourceTree = "<group>"; };
		FF0813572AD0A92700910EFA /* Widget.xcconfig */ = {isa = PBXFileReference; lastKnownFileType = text.xcconfig; path = Widget.xcconfig; sourceTree = "<group>"; };
		FF098EFA2AB3424E003EC0FE /* Basic-Car-Maintenance.xcconfig */ = {isa = PBXFileReference; lastKnownFileType = text.xcconfig; path = "Basic-Car-Maintenance.xcconfig"; sourceTree = SOURCE_ROOT; };
		FF09FC902AB6FF44006BE61A /* AuthenticationView.swift */ = {isa = PBXFileReference; lastKnownFileType = sourcecode.swift; path = AuthenticationView.swift; sourceTree = "<group>"; };
		FF3DDF512AA4D28F009D91C4 /* DashboardViewModel.swift */ = {isa = PBXFileReference; lastKnownFileType = sourcecode.swift; path = DashboardViewModel.swift; sourceTree = "<group>"; };
		FF5D13A32A86C2D600BC9BD6 /* Basic-Car-Maintenance.app */ = {isa = PBXFileReference; explicitFileType = wrapper.application; includeInIndex = 0; path = "Basic-Car-Maintenance.app"; sourceTree = BUILT_PRODUCTS_DIR; };
		FF5D13A62A86C2D600BC9BD6 /* BasicCarMaintenanceApp.swift */ = {isa = PBXFileReference; lastKnownFileType = sourcecode.swift; path = BasicCarMaintenanceApp.swift; sourceTree = "<group>"; };
		FF5D13AA2A86C2D800BC9BD6 /* Assets.xcassets */ = {isa = PBXFileReference; lastKnownFileType = folder.assetcatalog; path = Assets.xcassets; sourceTree = "<group>"; };
		FF5D13AC2A86C2D800BC9BD6 /* Basic_Car_Maintenance.entitlements */ = {isa = PBXFileReference; lastKnownFileType = text.plist.entitlements; path = Basic_Car_Maintenance.entitlements; sourceTree = "<group>"; };
		FF5D13AE2A86C2D800BC9BD6 /* Preview Assets.xcassets */ = {isa = PBXFileReference; lastKnownFileType = folder.assetcatalog; path = "Preview Assets.xcassets"; sourceTree = "<group>"; };
		FF5D13B42A86C2D800BC9BD6 /* Basic-Car-Maintenance-Tests.xctest */ = {isa = PBXFileReference; explicitFileType = wrapper.cfbundle; includeInIndex = 0; path = "Basic-Car-Maintenance-Tests.xctest"; sourceTree = BUILT_PRODUCTS_DIR; };
		FF5D13BE2A86C2D800BC9BD6 /* Basic-Car-Maintenance-UITests.xctest */ = {isa = PBXFileReference; explicitFileType = wrapper.cfbundle; includeInIndex = 0; path = "Basic-Car-Maintenance-UITests.xctest"; sourceTree = BUILT_PRODUCTS_DIR; };
		FF5D13C22A86C2D800BC9BD6 /* BasicCarMaintenanceUITests.swift */ = {isa = PBXFileReference; lastKnownFileType = sourcecode.swift; path = BasicCarMaintenanceUITests.swift; sourceTree = "<group>"; };
		FF748B5D2AB3589C004748A5 /* AuthenticationViewModel.swift */ = {isa = PBXFileReference; lastKnownFileType = sourcecode.swift; path = AuthenticationViewModel.swift; sourceTree = "<group>"; };
		FF755B3B2A908E3E00F49A13 /* DashboardView.swift */ = {isa = PBXFileReference; lastKnownFileType = sourcecode.swift; path = DashboardView.swift; sourceTree = "<group>"; };
		FF755B3D2A908E7A00F49A13 /* SettingsView.swift */ = {isa = PBXFileReference; lastKnownFileType = sourcecode.swift; path = SettingsView.swift; sourceTree = "<group>"; };
		FF755B422A90915E00F49A13 /* Localizable.xcstrings */ = {isa = PBXFileReference; lastKnownFileType = text.json.xcstrings; path = Localizable.xcstrings; sourceTree = "<group>"; };
		FF755B452A90969D00F49A13 /* Bundle+extension.swift */ = {isa = PBXFileReference; lastKnownFileType = sourcecode.swift; path = "Bundle+extension.swift"; sourceTree = "<group>"; };
		FF755B482A909A0000F49A13 /* AddMaintenanceView.swift */ = {isa = PBXFileReference; lastKnownFileType = sourcecode.swift; path = AddMaintenanceView.swift; sourceTree = "<group>"; };
		FFAA56EC2AC8905C000120EE /* Documentation.docc */ = {isa = PBXFileReference; lastKnownFileType = folder.documentationcatalog; path = Documentation.docc; sourceTree = "<group>"; };
		FFBE79BB2AD0A57D0005524E /* UnitTests.xcconfig */ = {isa = PBXFileReference; lastKnownFileType = text.xcconfig; path = UnitTests.xcconfig; sourceTree = "<group>"; };
		FFBFE0902A98EFEC000A9BEB /* MaintenanceEvent.swift */ = {isa = PBXFileReference; lastKnownFileType = sourcecode.swift; path = MaintenanceEvent.swift; sourceTree = "<group>"; };
		FFBFE0922A98F212000A9BEB /* Vehicle.swift */ = {isa = PBXFileReference; lastKnownFileType = sourcecode.swift; path = Vehicle.swift; sourceTree = "<group>"; };
		FFBFE0962A98F7CB000A9BEB /* AddVehicleView.swift */ = {isa = PBXFileReference; lastKnownFileType = sourcecode.swift; path = AddVehicleView.swift; sourceTree = "<group>"; };
		FFC67D1C2AAEF7920073B338 /* SettingsViewModel.swift */ = {isa = PBXFileReference; lastKnownFileType = sourcecode.swift; path = SettingsViewModel.swift; sourceTree = "<group>"; };
		FFC8CDA32AA385E800D129A6 /* GoogleService-Info.plist */ = {isa = PBXFileReference; fileEncoding = 4; lastKnownFileType = text.plist.xml; path = "GoogleService-Info.plist"; sourceTree = "<group>"; };
		FFC8CDB22AA4226900D129A6 /* AdSupport.framework */ = {isa = PBXFileReference; lastKnownFileType = wrapper.framework; name = AdSupport.framework; path = Platforms/iPhoneOS.platform/Developer/SDKs/iPhoneOS17.0.sdk/System/Library/Frameworks/AdSupport.framework; sourceTree = DEVELOPER_DIR; };
		FFDADF5D2ACCE9AB00DDEF79 /* Project.xcconfig */ = {isa = PBXFileReference; lastKnownFileType = text.xcconfig; path = Project.xcconfig; sourceTree = "<group>"; };
		FFDADF7D2ACD35A100DDEF79 /* Basic-Car-Maintenance-WidgetExtension.appex */ = {isa = PBXFileReference; explicitFileType = "wrapper.app-extension"; includeInIndex = 0; path = "Basic-Car-Maintenance-WidgetExtension.appex"; sourceTree = BUILT_PRODUCTS_DIR; };
		FFDADF7E2ACD35A100DDEF79 /* WidgetKit.framework */ = {isa = PBXFileReference; lastKnownFileType = wrapper.framework; name = WidgetKit.framework; path = System/Library/Frameworks/WidgetKit.framework; sourceTree = SDKROOT; };
		FFDADF802ACD35A100DDEF79 /* SwiftUI.framework */ = {isa = PBXFileReference; lastKnownFileType = wrapper.framework; name = SwiftUI.framework; path = System/Library/Frameworks/SwiftUI.framework; sourceTree = SDKROOT; };
		FFDADF832ACD35A100DDEF79 /* BasicCarMaintenanceWidgetBundle.swift */ = {isa = PBXFileReference; lastKnownFileType = sourcecode.swift; path = BasicCarMaintenanceWidgetBundle.swift; sourceTree = "<group>"; };
		FFDADF852ACD35A100DDEF79 /* BasicCarMaintenanceWidget.swift */ = {isa = PBXFileReference; lastKnownFileType = sourcecode.swift; path = BasicCarMaintenanceWidget.swift; sourceTree = "<group>"; };
		FFDADF872ACD35A100DDEF79 /* AppIntent.swift */ = {isa = PBXFileReference; lastKnownFileType = sourcecode.swift; path = AppIntent.swift; sourceTree = "<group>"; };
		FFDADF892ACD35A200DDEF79 /* Assets.xcassets */ = {isa = PBXFileReference; lastKnownFileType = folder.assetcatalog; path = Assets.xcassets; sourceTree = "<group>"; };
		FFDADF8B2ACD35A200DDEF79 /* Info.plist */ = {isa = PBXFileReference; lastKnownFileType = text.plist.xml; path = Info.plist; sourceTree = "<group>"; };
		FFE0AF552AD66C3500AB46F8 /* OdometerView.swift */ = {isa = PBXFileReference; lastKnownFileType = sourcecode.swift; path = OdometerView.swift; sourceTree = "<group>"; };
/* End PBXFileReference section */

/* Begin PBXFrameworksBuildPhase section */
		FF5D13A02A86C2D600BC9BD6 /* Frameworks */ = {
			isa = PBXFrameworksBuildPhase;
			buildActionMask = 2147483647;
			files = (
				FF4E82BE2AD39863004949AF /* FirebaseRemoteConfig in Frameworks */,
				FFC8CDAF2AA3867A00D129A6 /* FirebaseFirestoreSwift in Frameworks */,
				FFC8CDA92AA3867A00D129A6 /* FirebaseAnalyticsSwift in Frameworks */,
				FFC8CDAD2AA3867A00D129A6 /* FirebaseFirestore in Frameworks */,
				FFC8CDAB2AA3867A00D129A6 /* FirebaseAuth in Frameworks */,
				FFC8CDA72AA3867A00D129A6 /* FirebaseAnalytics in Frameworks */,
				FF4E82C02AD39863004949AF /* FirebaseRemoteConfigSwift in Frameworks */,
				FF4E82C22AD39863004949AF /* FirebaseStorage in Frameworks */,
				FFC8CDB32AA4226900D129A6 /* AdSupport.framework in Frameworks */,
			);
			runOnlyForDeploymentPostprocessing = 0;
		};
		FF5D13B12A86C2D800BC9BD6 /* Frameworks */ = {
			isa = PBXFrameworksBuildPhase;
			buildActionMask = 2147483647;
			files = (
			);
			runOnlyForDeploymentPostprocessing = 0;
		};
		FF5D13BB2A86C2D800BC9BD6 /* Frameworks */ = {
			isa = PBXFrameworksBuildPhase;
			buildActionMask = 2147483647;
			files = (
			);
			runOnlyForDeploymentPostprocessing = 0;
		};
		FFDADF7A2ACD35A100DDEF79 /* Frameworks */ = {
			isa = PBXFrameworksBuildPhase;
			buildActionMask = 2147483647;
			files = (
				FFDADF812ACD35A100DDEF79 /* SwiftUI.framework in Frameworks */,
				FFDADF7F2ACD35A100DDEF79 /* WidgetKit.framework in Frameworks */,
			);
			runOnlyForDeploymentPostprocessing = 0;
		};
/* End PBXFrameworksBuildPhase section */

/* Begin PBXGroup section */
		898009762AD1897B00604E7C /* Shared */ = {
			isa = PBXGroup;
			children = (
				898009772AD1897F00604E7C /* Models */,
			);
			path = Shared;
			sourceTree = "<group>";
		};
		898009772AD1897F00604E7C /* Models */ = {
			isa = PBXGroup;
			children = (
				898009782AD1899700604E7C /* ContributorTests.swift */,
			);
			path = Models;
			sourceTree = "<group>";
		};
		8A3D74832AD6D9870000FEEB /* MainView */ = {
			isa = PBXGroup;
			children = (
				8A3D74842AD6D9920000FEEB /* Views */,
			);
			path = MainView;
			sourceTree = "<group>";
		};
		8A3D74842AD6D9920000FEEB /* Views */ = {
			isa = PBXGroup;
			children = (
				8AEE81712ACF384D00FC0C2A /* MainTabView.swift */,
				8A3D74852AD6D9A10000FEEB /* AlertView.swift */,
			);
			path = Views;
			sourceTree = "<group>";
		};
		FF3DDF492AA4386C009D91C4 /* Views */ = {
			isa = PBXGroup;
			children = (
				FF755B3B2A908E3E00F49A13 /* DashboardView.swift */,
				FF755B482A909A0000F49A13 /* AddMaintenanceView.swift */,
				023057F12ACFAD79006C5A73 /* EditEventDetailView.swift */,
			);
			path = Views;
			sourceTree = "<group>";
		};
		FF3DDF502AA4D282009D91C4 /* ViewModels */ = {
			isa = PBXGroup;
			children = (
				FF3DDF512AA4D28F009D91C4 /* DashboardViewModel.swift */,
			);
			path = ViewModels;
			sourceTree = "<group>";
		};
		FF5D139A2A86C2D500BC9BD6 = {
			isa = PBXGroup;
			children = (
				FFBE79BA2AD0A48C0005524E /* Configurations */,
				FF098EFA2AB3424E003EC0FE /* Basic-Car-Maintenance.xcconfig */,
				FF5D13A52A86C2D600BC9BD6 /* Basic-Car-Maintenance */,
				FFDADF822ACD35A100DDEF79 /* Basic-Car-Maintenance-Widget */,
				FF5D13B72A86C2D800BC9BD6 /* Basic-Car-Maintenance-Tests */,
				FF5D13C12A86C2D800BC9BD6 /* Basic-Car-Maintenance-UITests */,
				FF5D13A42A86C2D600BC9BD6 /* Products */,
				FFC8CDB12AA4226900D129A6 /* Frameworks */,
			);
			sourceTree = "<group>";
		};
		FF5D13A42A86C2D600BC9BD6 /* Products */ = {
			isa = PBXGroup;
			children = (
				FF5D13A32A86C2D600BC9BD6 /* Basic-Car-Maintenance.app */,
				FF5D13B42A86C2D800BC9BD6 /* Basic-Car-Maintenance-Tests.xctest */,
				FF5D13BE2A86C2D800BC9BD6 /* Basic-Car-Maintenance-UITests.xctest */,
				FFDADF7D2ACD35A100DDEF79 /* Basic-Car-Maintenance-WidgetExtension.appex */,
			);
			name = Products;
			sourceTree = "<group>";
		};
		FF5D13A52A86C2D600BC9BD6 /* Basic-Car-Maintenance */ = {
			isa = PBXGroup;
			children = (
				FFAA56EC2AC8905C000120EE /* Documentation.docc */,
				FF755B412A908F4100F49A13 /* Shared */,
				FF5D13AA2A86C2D800BC9BD6 /* Assets.xcassets */,
				FF5D13AC2A86C2D800BC9BD6 /* Basic_Car_Maintenance.entitlements */,
				FF5D13AD2A86C2D800BC9BD6 /* Preview Content */,
			);
			path = "Basic-Car-Maintenance";
			sourceTree = "<group>";
		};
		FF5D13AD2A86C2D800BC9BD6 /* Preview Content */ = {
			isa = PBXGroup;
			children = (
				FF5D13AE2A86C2D800BC9BD6 /* Preview Assets.xcassets */,
			);
			path = "Preview Content";
			sourceTree = "<group>";
		};
		FF5D13B72A86C2D800BC9BD6 /* Basic-Car-Maintenance-Tests */ = {
			isa = PBXGroup;
			children = (
				898009762AD1897B00604E7C /* Shared */,
			);
			path = "Basic-Car-Maintenance-Tests";
			sourceTree = "<group>";
		};
		FF5D13C12A86C2D800BC9BD6 /* Basic-Car-Maintenance-UITests */ = {
			isa = PBXGroup;
			children = (
				FF5D13C22A86C2D800BC9BD6 /* BasicCarMaintenanceUITests.swift */,
			);
			path = "Basic-Car-Maintenance-UITests";
			sourceTree = "<group>";
		};
		FF755B3F2A908EC400F49A13 /* Dashboard */ = {
			isa = PBXGroup;
			children = (
				FF3DDF492AA4386C009D91C4 /* Views */,
				FF3DDF502AA4D282009D91C4 /* ViewModels */,
			);
			path = Dashboard;
			sourceTree = "<group>";
		};
		FF755B402A908EC900F49A13 /* Settings */ = {
			isa = PBXGroup;
			children = (
				FFC67D1E2AAEF7960073B338 /* Views */,
				FFC67D1F2AAEF7A00073B338 /* ViewModels */,
			);
			path = Settings;
			sourceTree = "<group>";
		};
		FF755B412A908F4100F49A13 /* Shared */ = {
			isa = PBXGroup;
			children = (
				FF755B422A90915E00F49A13 /* Localizable.xcstrings */,
				FFC8CDA32AA385E800D129A6 /* GoogleService-Info.plist */,
				8AEE81732ACF394E00FC0C2A /* Info.plist */,
				FF5D13A62A86C2D600BC9BD6 /* BasicCarMaintenanceApp.swift */,
				8A3D74832AD6D9870000FEEB /* MainView */,
				FFBFE08F2A98EFDD000A9BEB /* Models */,
				FF755B3F2A908EC400F49A13 /* Dashboard */,
				FFE0AF542AD66C1E00AB46F8 /* Odometer */,
				FF755B402A908EC900F49A13 /* Settings */,
				FF755B442A90968D00F49A13 /* Utilities */,
			);
			path = Shared;
			sourceTree = "<group>";
		};
		FF755B442A90968D00F49A13 /* Utilities */ = {
			isa = PBXGroup;
			children = (
				FF755B452A90969D00F49A13 /* Bundle+extension.swift */,
			);
			path = Utilities;
			sourceTree = "<group>";
		};
		FFBE79BA2AD0A48C0005524E /* Configurations */ = {
			isa = PBXGroup;
			children = (
				FFDADF5D2ACCE9AB00DDEF79 /* Project.xcconfig */,
				FFBE79BB2AD0A57D0005524E /* UnitTests.xcconfig */,
				FF0813562AD0A83000910EFA /* UITests.xcconfig */,
				FF0813572AD0A92700910EFA /* Widget.xcconfig */,
			);
			path = Configurations;
			sourceTree = "<group>";
		};
		FFBFE08F2A98EFDD000A9BEB /* Models */ = {
			isa = PBXGroup;
			children = (
				FFBFE0902A98EFEC000A9BEB /* MaintenanceEvent.swift */,
				E58499692ACDDAFF00634660 /* Contributor.swift */,
				FFBFE0922A98F212000A9BEB /* Vehicle.swift */,
				8AEE816E2ACF37F800FC0C2A /* Action.swift */,
				8014A4CE2AD75928005B51F6 /* AppIcon.swift */,
			);
			path = Models;
			sourceTree = "<group>";
		};
		FFC67D1E2AAEF7960073B338 /* Views */ = {
			isa = PBXGroup;
			children = (
				FF755B3D2A908E7A00F49A13 /* SettingsView.swift */,
				8014A4D02AD76034005B51F6 /* ChooseAppIconView.swift */,
				FFBFE0962A98F7CB000A9BEB /* AddVehicleView.swift */,
				E58499652ACDDA8B00634660 /* ContributorsListView.swift */,
				E58499672ACDDA9A00634660 /* ContributorsProfileView.swift */,
				FF09FC902AB6FF44006BE61A /* AuthenticationView.swift */,
			);
			path = Views;
			sourceTree = "<group>";
		};
		FFC67D1F2AAEF7A00073B338 /* ViewModels */ = {
			isa = PBXGroup;
			children = (
				FFC67D1C2AAEF7920073B338 /* SettingsViewModel.swift */,
				FF748B5D2AB3589C004748A5 /* AuthenticationViewModel.swift */,
				8014A4D22AD77C92005B51F6 /* ChooseAppIconViewModel.swift */,
			);
			path = ViewModels;
			sourceTree = "<group>";
		};
		FFC8CDB12AA4226900D129A6 /* Frameworks */ = {
			isa = PBXGroup;
			children = (
				FFC8CDB22AA4226900D129A6 /* AdSupport.framework */,
				FFDADF7E2ACD35A100DDEF79 /* WidgetKit.framework */,
				FFDADF802ACD35A100DDEF79 /* SwiftUI.framework */,
			);
			name = Frameworks;
			sourceTree = "<group>";
		};
		FFDADF822ACD35A100DDEF79 /* Basic-Car-Maintenance-Widget */ = {
			isa = PBXGroup;
			children = (
				FFDADF832ACD35A100DDEF79 /* BasicCarMaintenanceWidgetBundle.swift */,
				FFDADF852ACD35A100DDEF79 /* BasicCarMaintenanceWidget.swift */,
				FFDADF872ACD35A100DDEF79 /* AppIntent.swift */,
				FFDADF892ACD35A200DDEF79 /* Assets.xcassets */,
				FFDADF8B2ACD35A200DDEF79 /* Info.plist */,
			);
			path = "Basic-Car-Maintenance-Widget";
			sourceTree = "<group>";
		};
		FFE0AF542AD66C1E00AB46F8 /* Odometer */ = {
			isa = PBXGroup;
			children = (
				FFE0AF552AD66C3500AB46F8 /* OdometerView.swift */,
			);
			path = Odometer;
			sourceTree = "<group>";
		};
/* End PBXGroup section */

/* Begin PBXNativeTarget section */
		FF5D13A22A86C2D600BC9BD6 /* Basic-Car-Maintenance */ = {
			isa = PBXNativeTarget;
			buildConfigurationList = FF5D13C82A86C2D800BC9BD6 /* Build configuration list for PBXNativeTarget "Basic-Car-Maintenance" */;
			buildPhases = (
				FF5D139F2A86C2D600BC9BD6 /* Sources */,
				FF5D13A02A86C2D600BC9BD6 /* Frameworks */,
				FF5D13A12A86C2D600BC9BD6 /* Resources */,
				FF748B5A2AB34A61004748A5 /* SwiftLintScript */,
				FFDADF8F2ACD35A200DDEF79 /* Embed Foundation Extensions */,
			);
			buildRules = (
			);
			dependencies = (
				FFDADF8D2ACD35A200DDEF79 /* PBXTargetDependency */,
			);
			name = "Basic-Car-Maintenance";
			packageProductDependencies = (
				FFC8CDA62AA3867A00D129A6 /* FirebaseAnalytics */,
				FFC8CDA82AA3867A00D129A6 /* FirebaseAnalyticsSwift */,
				FFC8CDAA2AA3867A00D129A6 /* FirebaseAuth */,
				FFC8CDAC2AA3867A00D129A6 /* FirebaseFirestore */,
				FFC8CDAE2AA3867A00D129A6 /* FirebaseFirestoreSwift */,
				FF4E82BD2AD39863004949AF /* FirebaseRemoteConfig */,
				FF4E82BF2AD39863004949AF /* FirebaseRemoteConfigSwift */,
				FF4E82C12AD39863004949AF /* FirebaseStorage */,
			);
			productName = "Basic-Car-Maintenance";
			productReference = FF5D13A32A86C2D600BC9BD6 /* Basic-Car-Maintenance.app */;
			productType = "com.apple.product-type.application";
		};
		FF5D13B32A86C2D800BC9BD6 /* Basic-Car-Maintenance-Tests */ = {
			isa = PBXNativeTarget;
			buildConfigurationList = FF5D13CB2A86C2D800BC9BD6 /* Build configuration list for PBXNativeTarget "Basic-Car-Maintenance-Tests" */;
			buildPhases = (
				FF5D13B02A86C2D800BC9BD6 /* Sources */,
				FF5D13B12A86C2D800BC9BD6 /* Frameworks */,
				FF5D13B22A86C2D800BC9BD6 /* Resources */,
			);
			buildRules = (
			);
			dependencies = (
				FF5D13B62A86C2D800BC9BD6 /* PBXTargetDependency */,
			);
			name = "Basic-Car-Maintenance-Tests";
			productName = "Basic-Car-MaintenanceTests";
			productReference = FF5D13B42A86C2D800BC9BD6 /* Basic-Car-Maintenance-Tests.xctest */;
			productType = "com.apple.product-type.bundle.unit-test";
		};
		FF5D13BD2A86C2D800BC9BD6 /* Basic-Car-Maintenance-UITests */ = {
			isa = PBXNativeTarget;
			buildConfigurationList = FF5D13CE2A86C2D800BC9BD6 /* Build configuration list for PBXNativeTarget "Basic-Car-Maintenance-UITests" */;
			buildPhases = (
				FF5D13BA2A86C2D800BC9BD6 /* Sources */,
				FF5D13BB2A86C2D800BC9BD6 /* Frameworks */,
				FF5D13BC2A86C2D800BC9BD6 /* Resources */,
			);
			buildRules = (
			);
			dependencies = (
				FF5D13C02A86C2D800BC9BD6 /* PBXTargetDependency */,
			);
			name = "Basic-Car-Maintenance-UITests";
			productName = "Basic-Car-MaintenanceUITests";
			productReference = FF5D13BE2A86C2D800BC9BD6 /* Basic-Car-Maintenance-UITests.xctest */;
			productType = "com.apple.product-type.bundle.ui-testing";
		};
		FFDADF7C2ACD35A100DDEF79 /* Basic-Car-Maintenance-WidgetExtension */ = {
			isa = PBXNativeTarget;
			buildConfigurationList = FFDADF922ACD35A200DDEF79 /* Build configuration list for PBXNativeTarget "Basic-Car-Maintenance-WidgetExtension" */;
			buildPhases = (
				FFDADF792ACD35A100DDEF79 /* Sources */,
				FFDADF7A2ACD35A100DDEF79 /* Frameworks */,
				FFDADF7B2ACD35A100DDEF79 /* Resources */,
			);
			buildRules = (
			);
			dependencies = (
			);
			name = "Basic-Car-Maintenance-WidgetExtension";
			productName = "Basic-Car-Maintenance-WidgetExtension";
			productReference = FFDADF7D2ACD35A100DDEF79 /* Basic-Car-Maintenance-WidgetExtension.appex */;
			productType = "com.apple.product-type.app-extension";
		};
/* End PBXNativeTarget section */

/* Begin PBXProject section */
		FF5D139B2A86C2D500BC9BD6 /* Project object */ = {
			isa = PBXProject;
			attributes = {
				BuildIndependentTargetsInParallel = 1;
				LastSwiftUpdateCheck = 1500;
				LastUpgradeCheck = 1500;
				TargetAttributes = {
					FF5D13A22A86C2D600BC9BD6 = {
						CreatedOnToolsVersion = 15.0;
					};
					FF5D13B32A86C2D800BC9BD6 = {
						CreatedOnToolsVersion = 15.0;
						TestTargetID = FF5D13A22A86C2D600BC9BD6;
					};
					FF5D13BD2A86C2D800BC9BD6 = {
						CreatedOnToolsVersion = 15.0;
						TestTargetID = FF5D13A22A86C2D600BC9BD6;
					};
					FFDADF7C2ACD35A100DDEF79 = {
						CreatedOnToolsVersion = 15.0;
					};
				};
			};
			buildConfigurationList = FF5D139E2A86C2D500BC9BD6 /* Build configuration list for PBXProject "Basic-Car-Maintenance" */;
			compatibilityVersion = "Xcode 14.0";
			developmentRegion = en;
			hasScannedForEncodings = 0;
			knownRegions = (
				en,
				Base,
				cs,
				de,
				fr,
				uk,
			);
			mainGroup = FF5D139A2A86C2D500BC9BD6;
			packageReferences = (
				FFC8CDA52AA3867A00D129A6 /* XCRemoteSwiftPackageReference "firebase-ios-sdk" */,
			);
			productRefGroup = FF5D13A42A86C2D600BC9BD6 /* Products */;
			projectDirPath = "";
			projectRoot = "";
			targets = (
				FF5D13A22A86C2D600BC9BD6 /* Basic-Car-Maintenance */,
				FF5D13B32A86C2D800BC9BD6 /* Basic-Car-Maintenance-Tests */,
				FF5D13BD2A86C2D800BC9BD6 /* Basic-Car-Maintenance-UITests */,
				FFDADF7C2ACD35A100DDEF79 /* Basic-Car-Maintenance-WidgetExtension */,
			);
		};
/* End PBXProject section */

/* Begin PBXResourcesBuildPhase section */
		FF5D13A12A86C2D600BC9BD6 /* Resources */ = {
			isa = PBXResourcesBuildPhase;
			buildActionMask = 2147483647;
			files = (
				FF5D13AF2A86C2D800BC9BD6 /* Preview Assets.xcassets in Resources */,
				FFC8CDA42AA385E800D129A6 /* GoogleService-Info.plist in Resources */,
				FF5D13AB2A86C2D800BC9BD6 /* Assets.xcassets in Resources */,
				FF755B432A90915E00F49A13 /* Localizable.xcstrings in Resources */,
			);
			runOnlyForDeploymentPostprocessing = 0;
		};
		FF5D13B22A86C2D800BC9BD6 /* Resources */ = {
			isa = PBXResourcesBuildPhase;
			buildActionMask = 2147483647;
			files = (
			);
			runOnlyForDeploymentPostprocessing = 0;
		};
		FF5D13BC2A86C2D800BC9BD6 /* Resources */ = {
			isa = PBXResourcesBuildPhase;
			buildActionMask = 2147483647;
			files = (
			);
			runOnlyForDeploymentPostprocessing = 0;
		};
		FFDADF7B2ACD35A100DDEF79 /* Resources */ = {
			isa = PBXResourcesBuildPhase;
			buildActionMask = 2147483647;
			files = (
				FFDADF8A2ACD35A200DDEF79 /* Assets.xcassets in Resources */,
			);
			runOnlyForDeploymentPostprocessing = 0;
		};
/* End PBXResourcesBuildPhase section */

/* Begin PBXShellScriptBuildPhase section */
		FF748B5A2AB34A61004748A5 /* SwiftLintScript */ = {
			isa = PBXShellScriptBuildPhase;
			alwaysOutOfDate = 1;
			buildActionMask = 2147483647;
			files = (
			);
			inputFileListPaths = (
			);
			inputPaths = (
			);
			name = SwiftLintScript;
			outputFileListPaths = (
			);
			outputPaths = (
			);
			runOnlyForDeploymentPostprocessing = 0;
			shellPath = /bin/sh;
			shellScript = "# Type a script or drag a script file from your workspace to insert its path.\n\nif [[ \"$(uname -m)\" == arm64 ]]; then\n    export PATH=\"/opt/homebrew/bin:$PATH\"\nfi\n\nif which swiftlint > /dev/null; then\n  swiftlint\nelse\n  echo \"warning: SwiftLint not installed\"\nfi\n";
		};
/* End PBXShellScriptBuildPhase section */

/* Begin PBXSourcesBuildPhase section */
		FF5D139F2A86C2D600BC9BD6 /* Sources */ = {
			isa = PBXSourcesBuildPhase;
			buildActionMask = 2147483647;
			files = (
				FFBFE0912A98EFEC000A9BEB /* MaintenanceEvent.swift in Sources */,
				E58499682ACDDA9A00634660 /* ContributorsProfileView.swift in Sources */,
				FF755B492A909A0000F49A13 /* AddMaintenanceView.swift in Sources */,
				FF09FC912AB6FF44006BE61A /* AuthenticationView.swift in Sources */,
				023057F22ACFAD79006C5A73 /* EditEventDetailView.swift in Sources */,
				8A3D74862AD6D9A10000FEEB /* AlertView.swift in Sources */,
				FF755B3E2A908E7A00F49A13 /* SettingsView.swift in Sources */,
				FF3DDF522AA4D28F009D91C4 /* DashboardViewModel.swift in Sources */,
				FFE0AF562AD66C3500AB46F8 /* OdometerView.swift in Sources */,
				8AEE816F2ACF37F800FC0C2A /* Action.swift in Sources */,
				FFBFE0972A98F7CB000A9BEB /* AddVehicleView.swift in Sources */,
				E584996A2ACDDAFF00634660 /* Contributor.swift in Sources */,
				8014A4D32AD77C92005B51F6 /* ChooseAppIconViewModel.swift in Sources */,
				8014A4CF2AD75928005B51F6 /* AppIcon.swift in Sources */,
				FFC67D1D2AAEF7920073B338 /* SettingsViewModel.swift in Sources */,
				FF755B3C2A908E3E00F49A13 /* DashboardView.swift in Sources */,
				8AEE81722ACF384D00FC0C2A /* MainTabView.swift in Sources */,
				E58499662ACDDA8B00634660 /* ContributorsListView.swift in Sources */,
				FFBFE0932A98F212000A9BEB /* Vehicle.swift in Sources */,
				FF5D13A72A86C2D600BC9BD6 /* BasicCarMaintenanceApp.swift in Sources */,
				8014A4D12AD76034005B51F6 /* ChooseAppIconView.swift in Sources */,
				FF748B5E2AB3589C004748A5 /* AuthenticationViewModel.swift in Sources */,
				FF755B462A90969D00F49A13 /* Bundle+extension.swift in Sources */,
				FFAA56ED2AC8905C000120EE /* Documentation.docc in Sources */,
			);
			runOnlyForDeploymentPostprocessing = 0;
		};
		FF5D13B02A86C2D800BC9BD6 /* Sources */ = {
			isa = PBXSourcesBuildPhase;
			buildActionMask = 2147483647;
			files = (
				898009792AD1899700604E7C /* ContributorTests.swift in Sources */,
			);
			runOnlyForDeploymentPostprocessing = 0;
		};
		FF5D13BA2A86C2D800BC9BD6 /* Sources */ = {
			isa = PBXSourcesBuildPhase;
			buildActionMask = 2147483647;
			files = (
				FF5D13C32A86C2D800BC9BD6 /* BasicCarMaintenanceUITests.swift in Sources */,
			);
			runOnlyForDeploymentPostprocessing = 0;
		};
		FFDADF792ACD35A100DDEF79 /* Sources */ = {
			isa = PBXSourcesBuildPhase;
			buildActionMask = 2147483647;
			files = (
				FFDADF842ACD35A100DDEF79 /* BasicCarMaintenanceWidgetBundle.swift in Sources */,
				FFDADF862ACD35A100DDEF79 /* BasicCarMaintenanceWidget.swift in Sources */,
				FFDADF882ACD35A100DDEF79 /* AppIntent.swift in Sources */,
			);
			runOnlyForDeploymentPostprocessing = 0;
		};
/* End PBXSourcesBuildPhase section */

/* Begin PBXTargetDependency section */
		FF5D13B62A86C2D800BC9BD6 /* PBXTargetDependency */ = {
			isa = PBXTargetDependency;
			target = FF5D13A22A86C2D600BC9BD6 /* Basic-Car-Maintenance */;
			targetProxy = FF5D13B52A86C2D800BC9BD6 /* PBXContainerItemProxy */;
		};
		FF5D13C02A86C2D800BC9BD6 /* PBXTargetDependency */ = {
			isa = PBXTargetDependency;
			target = FF5D13A22A86C2D600BC9BD6 /* Basic-Car-Maintenance */;
			targetProxy = FF5D13BF2A86C2D800BC9BD6 /* PBXContainerItemProxy */;
		};
		FFDADF8D2ACD35A200DDEF79 /* PBXTargetDependency */ = {
			isa = PBXTargetDependency;
			target = FFDADF7C2ACD35A100DDEF79 /* Basic-Car-Maintenance-WidgetExtension */;
			targetProxy = FFDADF8C2ACD35A200DDEF79 /* PBXContainerItemProxy */;
		};
/* End PBXTargetDependency section */

/* Begin XCBuildConfiguration section */
		FF5D13C62A86C2D800BC9BD6 /* Debug */ = {
			isa = XCBuildConfiguration;
			baseConfigurationReference = FFDADF5D2ACCE9AB00DDEF79 /* Project.xcconfig */;
			buildSettings = {
				ALWAYS_SEARCH_USER_PATHS = NO;
				ASSETCATALOG_COMPILER_GENERATE_SWIFT_ASSET_SYMBOL_EXTENSIONS = YES;
				CLANG_ANALYZER_NONNULL = YES;
				CLANG_ANALYZER_NUMBER_OBJECT_CONVERSION = YES_AGGRESSIVE;
				CLANG_CXX_LANGUAGE_STANDARD = "gnu++20";
				CLANG_ENABLE_MODULES = YES;
				CLANG_ENABLE_OBJC_ARC = YES;
				CLANG_ENABLE_OBJC_WEAK = YES;
				CLANG_WARN_BLOCK_CAPTURE_AUTORELEASING = YES;
				CLANG_WARN_BOOL_CONVERSION = YES;
				CLANG_WARN_COMMA = YES;
				CLANG_WARN_CONSTANT_CONVERSION = YES;
				CLANG_WARN_DEPRECATED_OBJC_IMPLEMENTATIONS = YES;
				CLANG_WARN_DIRECT_OBJC_ISA_USAGE = YES_ERROR;
				CLANG_WARN_DOCUMENTATION_COMMENTS = YES;
				CLANG_WARN_EMPTY_BODY = YES;
				CLANG_WARN_ENUM_CONVERSION = YES;
				CLANG_WARN_INFINITE_RECURSION = YES;
				CLANG_WARN_INT_CONVERSION = YES;
				CLANG_WARN_NON_LITERAL_NULL_CONVERSION = YES;
				CLANG_WARN_OBJC_IMPLICIT_RETAIN_SELF = YES;
				CLANG_WARN_OBJC_LITERAL_CONVERSION = YES;
				CLANG_WARN_OBJC_ROOT_CLASS = YES_ERROR;
				CLANG_WARN_QUOTED_INCLUDE_IN_FRAMEWORK_HEADER = YES;
				CLANG_WARN_RANGE_LOOP_ANALYSIS = YES;
				CLANG_WARN_STRICT_PROTOTYPES = YES;
				CLANG_WARN_SUSPICIOUS_MOVE = YES;
				CLANG_WARN_UNGUARDED_AVAILABILITY = YES_AGGRESSIVE;
				CLANG_WARN_UNREACHABLE_CODE = YES;
				CLANG_WARN__DUPLICATE_METHOD_MATCH = YES;
				COPY_PHASE_STRIP = NO;
				DEBUG_INFORMATION_FORMAT = dwarf;
				ENABLE_STRICT_OBJC_MSGSEND = YES;
				ENABLE_TESTABILITY = YES;
				ENABLE_USER_SCRIPT_SANDBOXING = NO;
				GCC_C_LANGUAGE_STANDARD = gnu17;
				GCC_DYNAMIC_NO_PIC = NO;
				GCC_NO_COMMON_BLOCKS = YES;
				GCC_OPTIMIZATION_LEVEL = 0;
				GCC_PREPROCESSOR_DEFINITIONS = (
					"DEBUG=1",
					"$(inherited)",
				);
				GCC_WARN_64_TO_32_BIT_CONVERSION = YES;
				GCC_WARN_ABOUT_RETURN_TYPE = YES_ERROR;
				GCC_WARN_UNDECLARED_SELECTOR = YES;
				GCC_WARN_UNINITIALIZED_AUTOS = YES_AGGRESSIVE;
				GCC_WARN_UNUSED_FUNCTION = YES;
				GCC_WARN_UNUSED_VARIABLE = YES;
				LOCALIZATION_PREFERS_STRING_CATALOGS = YES;
				MTL_ENABLE_DEBUG_INFO = INCLUDE_SOURCE;
				MTL_FAST_MATH = YES;
				ONLY_ACTIVE_ARCH = YES;
				SWIFT_ACTIVE_COMPILATION_CONDITIONS = "DEBUG $(inherited)";
				SWIFT_OPTIMIZATION_LEVEL = "-Onone";
			};
			name = Debug;
		};
		FF5D13C72A86C2D800BC9BD6 /* Release */ = {
			isa = XCBuildConfiguration;
			baseConfigurationReference = FFDADF5D2ACCE9AB00DDEF79 /* Project.xcconfig */;
			buildSettings = {
				ALWAYS_SEARCH_USER_PATHS = NO;
				ASSETCATALOG_COMPILER_GENERATE_SWIFT_ASSET_SYMBOL_EXTENSIONS = YES;
				CLANG_ANALYZER_NONNULL = YES;
				CLANG_ANALYZER_NUMBER_OBJECT_CONVERSION = YES_AGGRESSIVE;
				CLANG_CXX_LANGUAGE_STANDARD = "gnu++20";
				CLANG_ENABLE_MODULES = YES;
				CLANG_ENABLE_OBJC_ARC = YES;
				CLANG_ENABLE_OBJC_WEAK = YES;
				CLANG_WARN_BLOCK_CAPTURE_AUTORELEASING = YES;
				CLANG_WARN_BOOL_CONVERSION = YES;
				CLANG_WARN_COMMA = YES;
				CLANG_WARN_CONSTANT_CONVERSION = YES;
				CLANG_WARN_DEPRECATED_OBJC_IMPLEMENTATIONS = YES;
				CLANG_WARN_DIRECT_OBJC_ISA_USAGE = YES_ERROR;
				CLANG_WARN_DOCUMENTATION_COMMENTS = YES;
				CLANG_WARN_EMPTY_BODY = YES;
				CLANG_WARN_ENUM_CONVERSION = YES;
				CLANG_WARN_INFINITE_RECURSION = YES;
				CLANG_WARN_INT_CONVERSION = YES;
				CLANG_WARN_NON_LITERAL_NULL_CONVERSION = YES;
				CLANG_WARN_OBJC_IMPLICIT_RETAIN_SELF = YES;
				CLANG_WARN_OBJC_LITERAL_CONVERSION = YES;
				CLANG_WARN_OBJC_ROOT_CLASS = YES_ERROR;
				CLANG_WARN_QUOTED_INCLUDE_IN_FRAMEWORK_HEADER = YES;
				CLANG_WARN_RANGE_LOOP_ANALYSIS = YES;
				CLANG_WARN_STRICT_PROTOTYPES = YES;
				CLANG_WARN_SUSPICIOUS_MOVE = YES;
				CLANG_WARN_UNGUARDED_AVAILABILITY = YES_AGGRESSIVE;
				CLANG_WARN_UNREACHABLE_CODE = YES;
				CLANG_WARN__DUPLICATE_METHOD_MATCH = YES;
				COPY_PHASE_STRIP = NO;
				DEBUG_INFORMATION_FORMAT = "dwarf-with-dsym";
				ENABLE_NS_ASSERTIONS = NO;
				ENABLE_STRICT_OBJC_MSGSEND = YES;
				ENABLE_USER_SCRIPT_SANDBOXING = NO;
				GCC_C_LANGUAGE_STANDARD = gnu17;
				GCC_NO_COMMON_BLOCKS = YES;
				GCC_WARN_64_TO_32_BIT_CONVERSION = YES;
				GCC_WARN_ABOUT_RETURN_TYPE = YES_ERROR;
				GCC_WARN_UNDECLARED_SELECTOR = YES;
				GCC_WARN_UNINITIALIZED_AUTOS = YES_AGGRESSIVE;
				GCC_WARN_UNUSED_FUNCTION = YES;
				GCC_WARN_UNUSED_VARIABLE = YES;
				LOCALIZATION_PREFERS_STRING_CATALOGS = YES;
				MTL_ENABLE_DEBUG_INFO = NO;
				MTL_FAST_MATH = YES;
				SWIFT_COMPILATION_MODE = wholemodule;
			};
			name = Release;
		};
		FF5D13C92A86C2D800BC9BD6 /* Debug */ = {
			isa = XCBuildConfiguration;
			buildSettings = {
				ALWAYS_EMBED_SWIFT_STANDARD_LIBRARIES = YES;
				ASSETCATALOG_COMPILER_ALTERNATE_APPICON_NAMES = "";
				"ASSETCATALOG_COMPILER_ALTERNATE_APPICON_NAMES[sdk=*]" = "AppIcon-car-red AppIcon-car-yellow AppIcon-car-dark AppIcon-car-orange AppIcon-car-black";
				ASSETCATALOG_COMPILER_APPICON_NAME = AppIcon;
				ASSETCATALOG_COMPILER_GLOBAL_ACCENT_COLOR_NAME = AccentColor;
				CODE_SIGN_ENTITLEMENTS = "Basic-Car-Maintenance/Basic_Car_Maintenance.entitlements";
				CODE_SIGN_STYLE = Automatic;
				DEVELOPMENT_ASSET_PATHS = "\"Basic-Car-Maintenance/Preview Content\"";
				ENABLE_HARDENED_RUNTIME = YES;
				ENABLE_PREVIEWS = YES;
				GENERATE_INFOPLIST_FILE = YES;
				INFOPLIST_FILE = "Basic-Car-Maintenance/Shared/Info.plist";
				INFOPLIST_KEY_CFBundleDisplayName = "Basic Car";
				"INFOPLIST_KEY_UIApplicationSceneManifest_Generation[sdk=iphoneos*]" = YES;
				"INFOPLIST_KEY_UIApplicationSceneManifest_Generation[sdk=iphonesimulator*]" = YES;
				"INFOPLIST_KEY_UIApplicationSupportsIndirectInputEvents[sdk=iphoneos*]" = YES;
				"INFOPLIST_KEY_UIApplicationSupportsIndirectInputEvents[sdk=iphonesimulator*]" = YES;
				"INFOPLIST_KEY_UILaunchScreen_Generation[sdk=iphoneos*]" = YES;
				"INFOPLIST_KEY_UILaunchScreen_Generation[sdk=iphonesimulator*]" = YES;
				"INFOPLIST_KEY_UIStatusBarStyle[sdk=iphoneos*]" = UIStatusBarStyleDefault;
				"INFOPLIST_KEY_UIStatusBarStyle[sdk=iphonesimulator*]" = UIStatusBarStyleDefault;
				INFOPLIST_KEY_UISupportedInterfaceOrientations_iPad = "UIInterfaceOrientationPortrait UIInterfaceOrientationPortraitUpsideDown UIInterfaceOrientationLandscapeLeft UIInterfaceOrientationLandscapeRight";
				INFOPLIST_KEY_UISupportedInterfaceOrientations_iPhone = "UIInterfaceOrientationPortrait UIInterfaceOrientationLandscapeLeft UIInterfaceOrientationLandscapeRight";
				IPHONEOS_DEPLOYMENT_TARGET = 17.0;
				LD_RUNPATH_SEARCH_PATHS = "@executable_path/Frameworks";
				"LD_RUNPATH_SEARCH_PATHS[sdk=macosx*]" = "@executable_path/../Frameworks";
				MACOSX_DEPLOYMENT_TARGET = 13.4;
				OTHER_LDFLAGS = "-ObjC";
				PRODUCT_NAME = "$(TARGET_NAME)";
				SDKROOT = auto;
				SUPPORTED_PLATFORMS = "iphoneos iphonesimulator macosx";
				SWIFT_EMIT_LOC_STRINGS = YES;
				SWIFT_VERSION = 5.0;
				TARGETED_DEVICE_FAMILY = "1,2";
			};
			name = Debug;
		};
		FF5D13CA2A86C2D800BC9BD6 /* Release */ = {
			isa = XCBuildConfiguration;
			baseConfigurationReference = FF098EFA2AB3424E003EC0FE /* Basic-Car-Maintenance.xcconfig */;
			buildSettings = {
				ALWAYS_EMBED_SWIFT_STANDARD_LIBRARIES = YES;
				ASSETCATALOG_COMPILER_ALTERNATE_APPICON_NAMES = "";
				ASSETCATALOG_COMPILER_APPICON_NAME = AppIcon;
				ASSETCATALOG_COMPILER_GLOBAL_ACCENT_COLOR_NAME = AccentColor;
				CODE_SIGN_ENTITLEMENTS = "Basic-Car-Maintenance/Basic_Car_Maintenance.entitlements";
				CODE_SIGN_STYLE = Automatic;
				DEVELOPMENT_ASSET_PATHS = "\"Basic-Car-Maintenance/Preview Content\"";
				ENABLE_HARDENED_RUNTIME = YES;
				ENABLE_PREVIEWS = YES;
				GENERATE_INFOPLIST_FILE = YES;
				INFOPLIST_FILE = "Basic-Car-Maintenance/Shared/Info.plist";
				INFOPLIST_KEY_CFBundleDisplayName = "Basic Car";
				"INFOPLIST_KEY_UIApplicationSceneManifest_Generation[sdk=iphoneos*]" = YES;
				"INFOPLIST_KEY_UIApplicationSceneManifest_Generation[sdk=iphonesimulator*]" = YES;
				"INFOPLIST_KEY_UIApplicationSupportsIndirectInputEvents[sdk=iphoneos*]" = YES;
				"INFOPLIST_KEY_UIApplicationSupportsIndirectInputEvents[sdk=iphonesimulator*]" = YES;
				"INFOPLIST_KEY_UILaunchScreen_Generation[sdk=iphoneos*]" = YES;
				"INFOPLIST_KEY_UILaunchScreen_Generation[sdk=iphonesimulator*]" = YES;
				"INFOPLIST_KEY_UIStatusBarStyle[sdk=iphoneos*]" = UIStatusBarStyleDefault;
				"INFOPLIST_KEY_UIStatusBarStyle[sdk=iphonesimulator*]" = UIStatusBarStyleDefault;
				INFOPLIST_KEY_UISupportedInterfaceOrientations_iPad = "UIInterfaceOrientationPortrait UIInterfaceOrientationPortraitUpsideDown UIInterfaceOrientationLandscapeLeft UIInterfaceOrientationLandscapeRight";
				INFOPLIST_KEY_UISupportedInterfaceOrientations_iPhone = "UIInterfaceOrientationPortrait UIInterfaceOrientationLandscapeLeft UIInterfaceOrientationLandscapeRight";
				IPHONEOS_DEPLOYMENT_TARGET = 17.0;
				LD_RUNPATH_SEARCH_PATHS = "@executable_path/Frameworks";
				"LD_RUNPATH_SEARCH_PATHS[sdk=macosx*]" = "@executable_path/../Frameworks";
				MACOSX_DEPLOYMENT_TARGET = 13.4;
				OTHER_LDFLAGS = "-ObjC";
				PRODUCT_NAME = "$(TARGET_NAME)";
				SDKROOT = auto;
				SUPPORTED_PLATFORMS = "iphoneos iphonesimulator macosx";
				SWIFT_EMIT_LOC_STRINGS = YES;
				SWIFT_VERSION = 5.0;
				TARGETED_DEVICE_FAMILY = "1,2";
			};
			name = Release;
		};
		FF5D13CC2A86C2D800BC9BD6 /* Debug */ = {
			isa = XCBuildConfiguration;
			baseConfigurationReference = FFBE79BB2AD0A57D0005524E /* UnitTests.xcconfig */;
			buildSettings = {
				ALWAYS_EMBED_SWIFT_STANDARD_LIBRARIES = YES;
				BUNDLE_LOADER = "$(TEST_HOST)";
				CODE_SIGN_STYLE = Automatic;
				GENERATE_INFOPLIST_FILE = YES;
				IPHONEOS_DEPLOYMENT_TARGET = 17.0;
				MACOSX_DEPLOYMENT_TARGET = 13.4;
				PRODUCT_NAME = "$(TARGET_NAME)";
				SDKROOT = auto;
				SUPPORTED_PLATFORMS = "iphoneos iphonesimulator macosx";
				SWIFT_EMIT_LOC_STRINGS = NO;
				SWIFT_VERSION = 5.0;
				TARGETED_DEVICE_FAMILY = "1,2";
				TEST_HOST = "$(BUILT_PRODUCTS_DIR)/Basic-Car-Maintenance.app/$(BUNDLE_EXECUTABLE_FOLDER_PATH)/Basic-Car-Maintenance";
			};
			name = Debug;
		};
		FF5D13CD2A86C2D800BC9BD6 /* Release */ = {
			isa = XCBuildConfiguration;
			baseConfigurationReference = FFBE79BB2AD0A57D0005524E /* UnitTests.xcconfig */;
			buildSettings = {
				ALWAYS_EMBED_SWIFT_STANDARD_LIBRARIES = YES;
				BUNDLE_LOADER = "$(TEST_HOST)";
				CODE_SIGN_STYLE = Automatic;
				GENERATE_INFOPLIST_FILE = YES;
				IPHONEOS_DEPLOYMENT_TARGET = 17.0;
				MACOSX_DEPLOYMENT_TARGET = 13.4;
				PRODUCT_NAME = "$(TARGET_NAME)";
				SDKROOT = auto;
				SUPPORTED_PLATFORMS = "iphoneos iphonesimulator macosx";
				SWIFT_EMIT_LOC_STRINGS = NO;
				SWIFT_VERSION = 5.0;
				TARGETED_DEVICE_FAMILY = "1,2";
				TEST_HOST = "$(BUILT_PRODUCTS_DIR)/Basic-Car-Maintenance.app/$(BUNDLE_EXECUTABLE_FOLDER_PATH)/Basic-Car-Maintenance";
			};
			name = Release;
		};
		FF5D13CF2A86C2D800BC9BD6 /* Debug */ = {
			isa = XCBuildConfiguration;
			baseConfigurationReference = FF0813562AD0A83000910EFA /* UITests.xcconfig */;
			buildSettings = {
				ALWAYS_EMBED_SWIFT_STANDARD_LIBRARIES = YES;
				CODE_SIGN_STYLE = Automatic;
				GENERATE_INFOPLIST_FILE = YES;
				IPHONEOS_DEPLOYMENT_TARGET = 17.0;
				MACOSX_DEPLOYMENT_TARGET = 13.4;
				PRODUCT_NAME = "$(TARGET_NAME)";
				SDKROOT = auto;
				SUPPORTED_PLATFORMS = "iphoneos iphonesimulator macosx";
				SWIFT_EMIT_LOC_STRINGS = NO;
				SWIFT_VERSION = 5.0;
				TARGETED_DEVICE_FAMILY = "1,2";
				TEST_TARGET_NAME = "Basic-Car-Maintenance";
			};
			name = Debug;
		};
		FF5D13D02A86C2D800BC9BD6 /* Release */ = {
			isa = XCBuildConfiguration;
			baseConfigurationReference = FF0813562AD0A83000910EFA /* UITests.xcconfig */;
			buildSettings = {
				ALWAYS_EMBED_SWIFT_STANDARD_LIBRARIES = YES;
				CODE_SIGN_STYLE = Automatic;
				GENERATE_INFOPLIST_FILE = YES;
				IPHONEOS_DEPLOYMENT_TARGET = 17.0;
				MACOSX_DEPLOYMENT_TARGET = 13.4;
				PRODUCT_NAME = "$(TARGET_NAME)";
				SDKROOT = auto;
				SUPPORTED_PLATFORMS = "iphoneos iphonesimulator macosx";
				SWIFT_EMIT_LOC_STRINGS = NO;
				SWIFT_VERSION = 5.0;
				TARGETED_DEVICE_FAMILY = "1,2";
				TEST_TARGET_NAME = "Basic-Car-Maintenance";
			};
			name = Release;
		};
		FFDADF902ACD35A200DDEF79 /* Debug */ = {
			isa = XCBuildConfiguration;
			baseConfigurationReference = FF0813572AD0A92700910EFA /* Widget.xcconfig */;
			buildSettings = {
				ASSETCATALOG_COMPILER_GLOBAL_ACCENT_COLOR_NAME = AccentColor;
				ASSETCATALOG_COMPILER_WIDGET_BACKGROUND_COLOR_NAME = WidgetBackground;
				CODE_SIGN_STYLE = Automatic;
				ENABLE_USER_SCRIPT_SANDBOXING = YES;
				GENERATE_INFOPLIST_FILE = YES;
				INFOPLIST_FILE = "Basic-Car-Maintenance-Widget/Info.plist";
				INFOPLIST_KEY_CFBundleDisplayName = "Basic-Car-Maintenance-Widget";
				INFOPLIST_KEY_NSHumanReadableCopyright = "";
				IPHONEOS_DEPLOYMENT_TARGET = 17.0;
				LD_RUNPATH_SEARCH_PATHS = (
					"$(inherited)",
					"@executable_path/Frameworks",
					"@executable_path/../../Frameworks",
				);
				PRODUCT_NAME = "$(TARGET_NAME)";
				SDKROOT = iphoneos;
				SKIP_INSTALL = YES;
				SWIFT_EMIT_LOC_STRINGS = YES;
				SWIFT_VERSION = 5.0;
				TARGETED_DEVICE_FAMILY = "1,2";
			};
			name = Debug;
		};
		FFDADF912ACD35A200DDEF79 /* Release */ = {
			isa = XCBuildConfiguration;
			baseConfigurationReference = FF0813572AD0A92700910EFA /* Widget.xcconfig */;
			buildSettings = {
				ASSETCATALOG_COMPILER_GLOBAL_ACCENT_COLOR_NAME = AccentColor;
				ASSETCATALOG_COMPILER_WIDGET_BACKGROUND_COLOR_NAME = WidgetBackground;
				CODE_SIGN_STYLE = Automatic;
				ENABLE_USER_SCRIPT_SANDBOXING = YES;
				GENERATE_INFOPLIST_FILE = YES;
				INFOPLIST_FILE = "Basic-Car-Maintenance-Widget/Info.plist";
				INFOPLIST_KEY_CFBundleDisplayName = "Basic-Car-Maintenance-Widget";
				INFOPLIST_KEY_NSHumanReadableCopyright = "";
				IPHONEOS_DEPLOYMENT_TARGET = 17.0;
				LD_RUNPATH_SEARCH_PATHS = (
					"$(inherited)",
					"@executable_path/Frameworks",
					"@executable_path/../../Frameworks",
				);
				PRODUCT_NAME = "$(TARGET_NAME)";
				SDKROOT = iphoneos;
				SKIP_INSTALL = YES;
				SWIFT_EMIT_LOC_STRINGS = YES;
				SWIFT_VERSION = 5.0;
				TARGETED_DEVICE_FAMILY = "1,2";
				VALIDATE_PRODUCT = YES;
			};
			name = Release;
		};
/* End XCBuildConfiguration section */

/* Begin XCConfigurationList section */
		FF5D139E2A86C2D500BC9BD6 /* Build configuration list for PBXProject "Basic-Car-Maintenance" */ = {
			isa = XCConfigurationList;
			buildConfigurations = (
				FF5D13C62A86C2D800BC9BD6 /* Debug */,
				FF5D13C72A86C2D800BC9BD6 /* Release */,
			);
			defaultConfigurationIsVisible = 0;
			defaultConfigurationName = Release;
		};
		FF5D13C82A86C2D800BC9BD6 /* Build configuration list for PBXNativeTarget "Basic-Car-Maintenance" */ = {
			isa = XCConfigurationList;
			buildConfigurations = (
				FF5D13C92A86C2D800BC9BD6 /* Debug */,
				FF5D13CA2A86C2D800BC9BD6 /* Release */,
			);
			defaultConfigurationIsVisible = 0;
			defaultConfigurationName = Release;
		};
		FF5D13CB2A86C2D800BC9BD6 /* Build configuration list for PBXNativeTarget "Basic-Car-Maintenance-Tests" */ = {
			isa = XCConfigurationList;
			buildConfigurations = (
				FF5D13CC2A86C2D800BC9BD6 /* Debug */,
				FF5D13CD2A86C2D800BC9BD6 /* Release */,
			);
			defaultConfigurationIsVisible = 0;
			defaultConfigurationName = Release;
		};
		FF5D13CE2A86C2D800BC9BD6 /* Build configuration list for PBXNativeTarget "Basic-Car-Maintenance-UITests" */ = {
			isa = XCConfigurationList;
			buildConfigurations = (
				FF5D13CF2A86C2D800BC9BD6 /* Debug */,
				FF5D13D02A86C2D800BC9BD6 /* Release */,
			);
			defaultConfigurationIsVisible = 0;
			defaultConfigurationName = Release;
		};
		FFDADF922ACD35A200DDEF79 /* Build configuration list for PBXNativeTarget "Basic-Car-Maintenance-WidgetExtension" */ = {
			isa = XCConfigurationList;
			buildConfigurations = (
				FFDADF902ACD35A200DDEF79 /* Debug */,
				FFDADF912ACD35A200DDEF79 /* Release */,
			);
			defaultConfigurationIsVisible = 0;
			defaultConfigurationName = Release;
		};
/* End XCConfigurationList section */

/* Begin XCRemoteSwiftPackageReference section */
		FFC8CDA52AA3867A00D129A6 /* XCRemoteSwiftPackageReference "firebase-ios-sdk" */ = {
			isa = XCRemoteSwiftPackageReference;
			repositoryURL = "https://github.com/firebase/firebase-ios-sdk.git";
			requirement = {
				kind = upToNextMajorVersion;
				minimumVersion = 10.14.0;
			};
		};
/* End XCRemoteSwiftPackageReference section */

/* Begin XCSwiftPackageProductDependency section */
		FF4E82BD2AD39863004949AF /* FirebaseRemoteConfig */ = {
			isa = XCSwiftPackageProductDependency;
			package = FFC8CDA52AA3867A00D129A6 /* XCRemoteSwiftPackageReference "firebase-ios-sdk" */;
			productName = FirebaseRemoteConfig;
		};
		FF4E82BF2AD39863004949AF /* FirebaseRemoteConfigSwift */ = {
			isa = XCSwiftPackageProductDependency;
			package = FFC8CDA52AA3867A00D129A6 /* XCRemoteSwiftPackageReference "firebase-ios-sdk" */;
			productName = FirebaseRemoteConfigSwift;
		};
		FF4E82C12AD39863004949AF /* FirebaseStorage */ = {
			isa = XCSwiftPackageProductDependency;
			package = FFC8CDA52AA3867A00D129A6 /* XCRemoteSwiftPackageReference "firebase-ios-sdk" */;
			productName = FirebaseStorage;
		};
		FFC8CDA62AA3867A00D129A6 /* FirebaseAnalytics */ = {
			isa = XCSwiftPackageProductDependency;
			package = FFC8CDA52AA3867A00D129A6 /* XCRemoteSwiftPackageReference "firebase-ios-sdk" */;
			productName = FirebaseAnalytics;
		};
		FFC8CDA82AA3867A00D129A6 /* FirebaseAnalyticsSwift */ = {
			isa = XCSwiftPackageProductDependency;
			package = FFC8CDA52AA3867A00D129A6 /* XCRemoteSwiftPackageReference "firebase-ios-sdk" */;
			productName = FirebaseAnalyticsSwift;
		};
		FFC8CDAA2AA3867A00D129A6 /* FirebaseAuth */ = {
			isa = XCSwiftPackageProductDependency;
			package = FFC8CDA52AA3867A00D129A6 /* XCRemoteSwiftPackageReference "firebase-ios-sdk" */;
			productName = FirebaseAuth;
		};
		FFC8CDAC2AA3867A00D129A6 /* FirebaseFirestore */ = {
			isa = XCSwiftPackageProductDependency;
			package = FFC8CDA52AA3867A00D129A6 /* XCRemoteSwiftPackageReference "firebase-ios-sdk" */;
			productName = FirebaseFirestore;
		};
		FFC8CDAE2AA3867A00D129A6 /* FirebaseFirestoreSwift */ = {
			isa = XCSwiftPackageProductDependency;
			package = FFC8CDA52AA3867A00D129A6 /* XCRemoteSwiftPackageReference "firebase-ios-sdk" */;
			productName = FirebaseFirestoreSwift;
		};
/* End XCSwiftPackageProductDependency section */
	};
	rootObject = FF5D139B2A86C2D500BC9BD6 /* Project object */;
}
