// !$*UTF8*$!
{
	archiveVersion = 1;
	classes = {
	};
	objectVersion = 56;
	objects = {

/* Begin PBXBuildFile section */
		FF5D13A72A86C2D600BC9BD6 /* BasicCarMaintenanceApp.swift in Sources */ = {isa = PBXBuildFile; fileRef = FF5D13A62A86C2D600BC9BD6 /* BasicCarMaintenanceApp.swift */; };
		FF5D13AB2A86C2D800BC9BD6 /* Assets.xcassets in Resources */ = {isa = PBXBuildFile; fileRef = FF5D13AA2A86C2D800BC9BD6 /* Assets.xcassets */; };
		FF5D13AF2A86C2D800BC9BD6 /* Preview Assets.xcassets in Resources */ = {isa = PBXBuildFile; fileRef = FF5D13AE2A86C2D800BC9BD6 /* Preview Assets.xcassets */; };
		FF5D13B92A86C2D800BC9BD6 /* BasicCarMaintenanceTests.swift in Sources */ = {isa = PBXBuildFile; fileRef = FF5D13B82A86C2D800BC9BD6 /* BasicCarMaintenanceTests.swift */; };
		FF5D13C32A86C2D800BC9BD6 /* BasicCarMaintenanceUITests.swift in Sources */ = {isa = PBXBuildFile; fileRef = FF5D13C22A86C2D800BC9BD6 /* BasicCarMaintenanceUITests.swift */; };
		FF5D13C52A86C2D800BC9BD6 /* BasicCarMaintenanceUITestsLaunchTests.swift in Sources */ = {isa = PBXBuildFile; fileRef = FF5D13C42A86C2D800BC9BD6 /* BasicCarMaintenanceUITestsLaunchTests.swift */; };
		FF755B3C2A908E3E00F49A13 /* DashboardView.swift in Sources */ = {isa = PBXBuildFile; fileRef = FF755B3B2A908E3E00F49A13 /* DashboardView.swift */; };
		FF755B3E2A908E7A00F49A13 /* SettingsView.swift in Sources */ = {isa = PBXBuildFile; fileRef = FF755B3D2A908E7A00F49A13 /* SettingsView.swift */; };
		FF755B432A90915E00F49A13 /* Localizable.xcstrings in Resources */ = {isa = PBXBuildFile; fileRef = FF755B422A90915E00F49A13 /* Localizable.xcstrings */; };
		FF755B462A90969D00F49A13 /* Bundle+extension.swift in Sources */ = {isa = PBXBuildFile; fileRef = FF755B452A90969D00F49A13 /* Bundle+extension.swift */; };
		FF755B492A909A0000F49A13 /* AddMaintenanceView.swift in Sources */ = {isa = PBXBuildFile; fileRef = FF755B482A909A0000F49A13 /* AddMaintenanceView.swift */; };
		FFBFE0912A98EFEC000A9BEB /* MaintenanceEvent.swift in Sources */ = {isa = PBXBuildFile; fileRef = FFBFE0902A98EFEC000A9BEB /* MaintenanceEvent.swift */; };
		FFBFE0932A98F212000A9BEB /* Vehicle.swift in Sources */ = {isa = PBXBuildFile; fileRef = FFBFE0922A98F212000A9BEB /* Vehicle.swift */; };
		FFBFE0972A98F7CB000A9BEB /* AddVehicleView.swift in Sources */ = {isa = PBXBuildFile; fileRef = FFBFE0962A98F7CB000A9BEB /* AddVehicleView.swift */; };
		FFC8CDA42AA385E800D129A6 /* GoogleService-Info.plist in Resources */ = {isa = PBXBuildFile; fileRef = FFC8CDA32AA385E800D129A6 /* GoogleService-Info.plist */; };
		FFC8CDA72AA3867A00D129A6 /* FirebaseAnalytics in Frameworks */ = {isa = PBXBuildFile; productRef = FFC8CDA62AA3867A00D129A6 /* FirebaseAnalytics */; };
		FFC8CDA92AA3867A00D129A6 /* FirebaseAnalyticsSwift in Frameworks */ = {isa = PBXBuildFile; productRef = FFC8CDA82AA3867A00D129A6 /* FirebaseAnalyticsSwift */; };
		FFC8CDAB2AA3867A00D129A6 /* FirebaseAuth in Frameworks */ = {isa = PBXBuildFile; productRef = FFC8CDAA2AA3867A00D129A6 /* FirebaseAuth */; };
		FFC8CDAD2AA3867A00D129A6 /* FirebaseFirestore in Frameworks */ = {isa = PBXBuildFile; productRef = FFC8CDAC2AA3867A00D129A6 /* FirebaseFirestore */; };
		FFC8CDAF2AA3867A00D129A6 /* FirebaseFirestoreSwift in Frameworks */ = {isa = PBXBuildFile; productRef = FFC8CDAE2AA3867A00D129A6 /* FirebaseFirestoreSwift */; };
/* End PBXBuildFile section */

/* Begin PBXContainerItemProxy section */
		FF5D13B52A86C2D800BC9BD6 /* PBXContainerItemProxy */ = {
			isa = PBXContainerItemProxy;
			containerPortal = FF5D139B2A86C2D500BC9BD6 /* Project object */;
			proxyType = 1;
			remoteGlobalIDString = FF5D13A22A86C2D600BC9BD6;
			remoteInfo = "Basic-Car-Maintenance";
		};
		FF5D13BF2A86C2D800BC9BD6 /* PBXContainerItemProxy */ = {
			isa = PBXContainerItemProxy;
			containerPortal = FF5D139B2A86C2D500BC9BD6 /* Project object */;
			proxyType = 1;
			remoteGlobalIDString = FF5D13A22A86C2D600BC9BD6;
			remoteInfo = "Basic-Car-Maintenance";
		};
/* End PBXContainerItemProxy section */

/* Begin PBXFileReference section */
		FF5D13A32A86C2D600BC9BD6 /* Basic-Car-Maintenance.app */ = {isa = PBXFileReference; explicitFileType = wrapper.application; includeInIndex = 0; path = "Basic-Car-Maintenance.app"; sourceTree = BUILT_PRODUCTS_DIR; };
		FF5D13A62A86C2D600BC9BD6 /* BasicCarMaintenanceApp.swift */ = {isa = PBXFileReference; lastKnownFileType = sourcecode.swift; path = BasicCarMaintenanceApp.swift; sourceTree = "<group>"; };
		FF5D13AA2A86C2D800BC9BD6 /* Assets.xcassets */ = {isa = PBXFileReference; lastKnownFileType = folder.assetcatalog; path = Assets.xcassets; sourceTree = "<group>"; };
		FF5D13AC2A86C2D800BC9BD6 /* Basic_Car_Maintenance.entitlements */ = {isa = PBXFileReference; lastKnownFileType = text.plist.entitlements; path = Basic_Car_Maintenance.entitlements; sourceTree = "<group>"; };
		FF5D13AE2A86C2D800BC9BD6 /* Preview Assets.xcassets */ = {isa = PBXFileReference; lastKnownFileType = folder.assetcatalog; path = "Preview Assets.xcassets"; sourceTree = "<group>"; };
		FF5D13B42A86C2D800BC9BD6 /* Basic-Car-MaintenanceTests.xctest */ = {isa = PBXFileReference; explicitFileType = wrapper.cfbundle; includeInIndex = 0; path = "Basic-Car-MaintenanceTests.xctest"; sourceTree = BUILT_PRODUCTS_DIR; };
		FF5D13B82A86C2D800BC9BD6 /* BasicCarMaintenanceTests.swift */ = {isa = PBXFileReference; lastKnownFileType = sourcecode.swift; path = BasicCarMaintenanceTests.swift; sourceTree = "<group>"; };
		FF5D13BE2A86C2D800BC9BD6 /* Basic-Car-MaintenanceUITests.xctest */ = {isa = PBXFileReference; explicitFileType = wrapper.cfbundle; includeInIndex = 0; path = "Basic-Car-MaintenanceUITests.xctest"; sourceTree = BUILT_PRODUCTS_DIR; };
		FF5D13C22A86C2D800BC9BD6 /* BasicCarMaintenanceUITests.swift */ = {isa = PBXFileReference; lastKnownFileType = sourcecode.swift; path = BasicCarMaintenanceUITests.swift; sourceTree = "<group>"; };
		FF5D13C42A86C2D800BC9BD6 /* BasicCarMaintenanceUITestsLaunchTests.swift */ = {isa = PBXFileReference; lastKnownFileType = sourcecode.swift; path = BasicCarMaintenanceUITestsLaunchTests.swift; sourceTree = "<group>"; };
		FF755B3B2A908E3E00F49A13 /* DashboardView.swift */ = {isa = PBXFileReference; lastKnownFileType = sourcecode.swift; path = DashboardView.swift; sourceTree = "<group>"; };
		FF755B3D2A908E7A00F49A13 /* SettingsView.swift */ = {isa = PBXFileReference; lastKnownFileType = sourcecode.swift; path = SettingsView.swift; sourceTree = "<group>"; };
		FF755B422A90915E00F49A13 /* Localizable.xcstrings */ = {isa = PBXFileReference; lastKnownFileType = text.json.xcstrings; path = Localizable.xcstrings; sourceTree = "<group>"; };
		FF755B452A90969D00F49A13 /* Bundle+extension.swift */ = {isa = PBXFileReference; lastKnownFileType = sourcecode.swift; path = "Bundle+extension.swift"; sourceTree = "<group>"; };
		FF755B482A909A0000F49A13 /* AddMaintenanceView.swift */ = {isa = PBXFileReference; lastKnownFileType = sourcecode.swift; path = AddMaintenanceView.swift; sourceTree = "<group>"; };
		FFBFE0902A98EFEC000A9BEB /* MaintenanceEvent.swift */ = {isa = PBXFileReference; lastKnownFileType = sourcecode.swift; path = MaintenanceEvent.swift; sourceTree = "<group>"; };
		FFBFE0922A98F212000A9BEB /* Vehicle.swift */ = {isa = PBXFileReference; lastKnownFileType = sourcecode.swift; path = Vehicle.swift; sourceTree = "<group>"; };
		FFBFE0962A98F7CB000A9BEB /* AddVehicleView.swift */ = {isa = PBXFileReference; lastKnownFileType = sourcecode.swift; path = AddVehicleView.swift; sourceTree = "<group>"; };
		FFC8CDA32AA385E800D129A6 /* GoogleService-Info.plist */ = {isa = PBXFileReference; fileEncoding = 4; lastKnownFileType = text.plist.xml; path = "GoogleService-Info.plist"; sourceTree = "<group>"; };
/* End PBXFileReference section */

/* Begin PBXFrameworksBuildPhase section */
		FF5D13A02A86C2D600BC9BD6 /* Frameworks */ = {
			isa = PBXFrameworksBuildPhase;
			buildActionMask = 2147483647;
			files = (
				FFC8CDAF2AA3867A00D129A6 /* FirebaseFirestoreSwift in Frameworks */,
				FFC8CDA92AA3867A00D129A6 /* FirebaseAnalyticsSwift in Frameworks */,
				FFC8CDAD2AA3867A00D129A6 /* FirebaseFirestore in Frameworks */,
				FFC8CDAB2AA3867A00D129A6 /* FirebaseAuth in Frameworks */,
				FFC8CDA72AA3867A00D129A6 /* FirebaseAnalytics in Frameworks */,
			);
			runOnlyForDeploymentPostprocessing = 0;
		};
		FF5D13B12A86C2D800BC9BD6 /* Frameworks */ = {
			isa = PBXFrameworksBuildPhase;
			buildActionMask = 2147483647;
			files = (
			);
			runOnlyForDeploymentPostprocessing = 0;
		};
		FF5D13BB2A86C2D800BC9BD6 /* Frameworks */ = {
			isa = PBXFrameworksBuildPhase;
			buildActionMask = 2147483647;
			files = (
			);
			runOnlyForDeploymentPostprocessing = 0;
		};
/* End PBXFrameworksBuildPhase section */

/* Begin PBXGroup section */
		FF5D139A2A86C2D500BC9BD6 = {
			isa = PBXGroup;
			children = (
				FF5D13A52A86C2D600BC9BD6 /* Basic-Car-Maintenance */,
				FF5D13B72A86C2D800BC9BD6 /* Basic-Car-MaintenanceTests */,
				FF5D13C12A86C2D800BC9BD6 /* Basic-Car-MaintenanceUITests */,
				FF5D13A42A86C2D600BC9BD6 /* Products */,
			);
			sourceTree = "<group>";
		};
		FF5D13A42A86C2D600BC9BD6 /* Products */ = {
			isa = PBXGroup;
			children = (
				FF5D13A32A86C2D600BC9BD6 /* Basic-Car-Maintenance.app */,
				FF5D13B42A86C2D800BC9BD6 /* Basic-Car-MaintenanceTests.xctest */,
				FF5D13BE2A86C2D800BC9BD6 /* Basic-Car-MaintenanceUITests.xctest */,
			);
			name = Products;
			sourceTree = "<group>";
		};
		FF5D13A52A86C2D600BC9BD6 /* Basic-Car-Maintenance */ = {
			isa = PBXGroup;
			children = (
				FF755B412A908F4100F49A13 /* Shared */,
				FF5D13AA2A86C2D800BC9BD6 /* Assets.xcassets */,
				FF5D13AC2A86C2D800BC9BD6 /* Basic_Car_Maintenance.entitlements */,
				FF5D13AD2A86C2D800BC9BD6 /* Preview Content */,
			);
			path = "Basic-Car-Maintenance";
			sourceTree = "<group>";
		};
		FF5D13AD2A86C2D800BC9BD6 /* Preview Content */ = {
			isa = PBXGroup;
			children = (
				FF5D13AE2A86C2D800BC9BD6 /* Preview Assets.xcassets */,
			);
			path = "Preview Content";
			sourceTree = "<group>";
		};
		FF5D13B72A86C2D800BC9BD6 /* Basic-Car-MaintenanceTests */ = {
			isa = PBXGroup;
			children = (
				FF5D13B82A86C2D800BC9BD6 /* BasicCarMaintenanceTests.swift */,
			);
			path = "Basic-Car-MaintenanceTests";
			sourceTree = "<group>";
		};
		FF5D13C12A86C2D800BC9BD6 /* Basic-Car-MaintenanceUITests */ = {
			isa = PBXGroup;
			children = (
				FF5D13C22A86C2D800BC9BD6 /* BasicCarMaintenanceUITests.swift */,
				FF5D13C42A86C2D800BC9BD6 /* BasicCarMaintenanceUITestsLaunchTests.swift */,
			);
			path = "Basic-Car-MaintenanceUITests";
			sourceTree = "<group>";
		};
		FF755B3F2A908EC400F49A13 /* Dashboard */ = {
			isa = PBXGroup;
			children = (
				FF755B3B2A908E3E00F49A13 /* DashboardView.swift */,
				FF755B482A909A0000F49A13 /* AddMaintenanceView.swift */,
			);
			path = Dashboard;
			sourceTree = "<group>";
		};
		FF755B402A908EC900F49A13 /* Settings */ = {
			isa = PBXGroup;
			children = (
				FF755B3D2A908E7A00F49A13 /* SettingsView.swift */,
				FFBFE0962A98F7CB000A9BEB /* AddVehicleView.swift */,
			);
			path = Settings;
			sourceTree = "<group>";
		};
		FF755B412A908F4100F49A13 /* Shared */ = {
			isa = PBXGroup;
			children = (
				FF755B422A90915E00F49A13 /* Localizable.xcstrings */,
				FFC8CDA32AA385E800D129A6 /* GoogleService-Info.plist */,
				FF5D13A62A86C2D600BC9BD6 /* BasicCarMaintenanceApp.swift */,
				FFBFE08F2A98EFDD000A9BEB /* Models */,
				FF755B3F2A908EC400F49A13 /* Dashboard */,
				FF755B402A908EC900F49A13 /* Settings */,
				FF755B442A90968D00F49A13 /* Utilities */,
			);
			path = Shared;
			sourceTree = "<group>";
		};
		FF755B442A90968D00F49A13 /* Utilities */ = {
			isa = PBXGroup;
			children = (
				FF755B452A90969D00F49A13 /* Bundle+extension.swift */,
			);
			path = Utilities;
			sourceTree = "<group>";
		};
		FFBFE08F2A98EFDD000A9BEB /* Models */ = {
			isa = PBXGroup;
			children = (
				FFBFE0902A98EFEC000A9BEB /* MaintenanceEvent.swift */,
				FFBFE0922A98F212000A9BEB /* Vehicle.swift */,
			);
			path = Models;
			sourceTree = "<group>";
		};
/* End PBXGroup section */

/* Begin PBXNativeTarget section */
		FF5D13A22A86C2D600BC9BD6 /* Basic-Car-Maintenance */ = {
			isa = PBXNativeTarget;
			buildConfigurationList = FF5D13C82A86C2D800BC9BD6 /* Build configuration list for PBXNativeTarget "Basic-Car-Maintenance" */;
			buildPhases = (
				FF5D139F2A86C2D600BC9BD6 /* Sources */,
				FF5D13A02A86C2D600BC9BD6 /* Frameworks */,
				FF5D13A12A86C2D600BC9BD6 /* Resources */,
			);
			buildRules = (
			);
			dependencies = (
			);
			name = "Basic-Car-Maintenance";
			packageProductDependencies = (
				FFC8CDA62AA3867A00D129A6 /* FirebaseAnalytics */,
				FFC8CDA82AA3867A00D129A6 /* FirebaseAnalyticsSwift */,
				FFC8CDAA2AA3867A00D129A6 /* FirebaseAuth */,
				FFC8CDAC2AA3867A00D129A6 /* FirebaseFirestore */,
				FFC8CDAE2AA3867A00D129A6 /* FirebaseFirestoreSwift */,
			);
			productName = "Basic-Car-Maintenance";
			productReference = FF5D13A32A86C2D600BC9BD6 /* Basic-Car-Maintenance.app */;
			productType = "com.apple.product-type.application";
		};
		FF5D13B32A86C2D800BC9BD6 /* Basic-Car-MaintenanceTests */ = {
			isa = PBXNativeTarget;
			buildConfigurationList = FF5D13CB2A86C2D800BC9BD6 /* Build configuration list for PBXNativeTarget "Basic-Car-MaintenanceTests" */;
			buildPhases = (
				FF5D13B02A86C2D800BC9BD6 /* Sources */,
				FF5D13B12A86C2D800BC9BD6 /* Frameworks */,
				FF5D13B22A86C2D800BC9BD6 /* Resources */,
			);
			buildRules = (
			);
			dependencies = (
				FF5D13B62A86C2D800BC9BD6 /* PBXTargetDependency */,
			);
			name = "Basic-Car-MaintenanceTests";
			productName = "Basic-Car-MaintenanceTests";
			productReference = FF5D13B42A86C2D800BC9BD6 /* Basic-Car-MaintenanceTests.xctest */;
			productType = "com.apple.product-type.bundle.unit-test";
		};
		FF5D13BD2A86C2D800BC9BD6 /* Basic-Car-MaintenanceUITests */ = {
			isa = PBXNativeTarget;
			buildConfigurationList = FF5D13CE2A86C2D800BC9BD6 /* Build configuration list for PBXNativeTarget "Basic-Car-MaintenanceUITests" */;
			buildPhases = (
				FF5D13BA2A86C2D800BC9BD6 /* Sources */,
				FF5D13BB2A86C2D800BC9BD6 /* Frameworks */,
				FF5D13BC2A86C2D800BC9BD6 /* Resources */,
			);
			buildRules = (
			);
			dependencies = (
				FF5D13C02A86C2D800BC9BD6 /* PBXTargetDependency */,
			);
			name = "Basic-Car-MaintenanceUITests";
			productName = "Basic-Car-MaintenanceUITests";
			productReference = FF5D13BE2A86C2D800BC9BD6 /* Basic-Car-MaintenanceUITests.xctest */;
			productType = "com.apple.product-type.bundle.ui-testing";
		};
/* End PBXNativeTarget section */

/* Begin PBXProject section */
		FF5D139B2A86C2D500BC9BD6 /* Project object */ = {
			isa = PBXProject;
			attributes = {
				BuildIndependentTargetsInParallel = 1;
				LastSwiftUpdateCheck = 1500;
				LastUpgradeCheck = 1500;
				TargetAttributes = {
					FF5D13A22A86C2D600BC9BD6 = {
						CreatedOnToolsVersion = 15.0;
					};
					FF5D13B32A86C2D800BC9BD6 = {
						CreatedOnToolsVersion = 15.0;
						TestTargetID = FF5D13A22A86C2D600BC9BD6;
					};
					FF5D13BD2A86C2D800BC9BD6 = {
						CreatedOnToolsVersion = 15.0;
						TestTargetID = FF5D13A22A86C2D600BC9BD6;
					};
				};
			};
			buildConfigurationList = FF5D139E2A86C2D500BC9BD6 /* Build configuration list for PBXProject "Basic-Car-Maintenance" */;
			compatibilityVersion = "Xcode 14.0";
			developmentRegion = en;
			hasScannedForEncodings = 0;
			knownRegions = (
				en,
				Base,
			);
			mainGroup = FF5D139A2A86C2D500BC9BD6;
			packageReferences = (
				FFC8CDA52AA3867A00D129A6 /* XCRemoteSwiftPackageReference "firebase-ios-sdk" */,
			);
			productRefGroup = FF5D13A42A86C2D600BC9BD6 /* Products */;
			projectDirPath = "";
			projectRoot = "";
			targets = (
				FF5D13A22A86C2D600BC9BD6 /* Basic-Car-Maintenance */,
				FF5D13B32A86C2D800BC9BD6 /* Basic-Car-MaintenanceTests */,
				FF5D13BD2A86C2D800BC9BD6 /* Basic-Car-MaintenanceUITests */,
			);
		};
/* End PBXProject section */

/* Begin PBXResourcesBuildPhase section */
		FF5D13A12A86C2D600BC9BD6 /* Resources */ = {
			isa = PBXResourcesBuildPhase;
			buildActionMask = 2147483647;
			files = (
				FF5D13AF2A86C2D800BC9BD6 /* Preview Assets.xcassets in Resources */,
				FFC8CDA42AA385E800D129A6 /* GoogleService-Info.plist in Resources */,
				FF5D13AB2A86C2D800BC9BD6 /* Assets.xcassets in Resources */,
				FF755B432A90915E00F49A13 /* Localizable.xcstrings in Resources */,
			);
			runOnlyForDeploymentPostprocessing = 0;
		};
		FF5D13B22A86C2D800BC9BD6 /* Resources */ = {
			isa = PBXResourcesBuildPhase;
			buildActionMask = 2147483647;
			files = (
			);
			runOnlyForDeploymentPostprocessing = 0;
		};
		FF5D13BC2A86C2D800BC9BD6 /* Resources */ = {
			isa = PBXResourcesBuildPhase;
			buildActionMask = 2147483647;
			files = (
			);
			runOnlyForDeploymentPostprocessing = 0;
		};
/* End PBXResourcesBuildPhase section */

/* Begin PBXSourcesBuildPhase section */
		FF5D139F2A86C2D600BC9BD6 /* Sources */ = {
			isa = PBXSourcesBuildPhase;
			buildActionMask = 2147483647;
			files = (
				FFBFE0912A98EFEC000A9BEB /* MaintenanceEvent.swift in Sources */,
				FF755B492A909A0000F49A13 /* AddMaintenanceView.swift in Sources */,
				FF755B3E2A908E7A00F49A13 /* SettingsView.swift in Sources */,
				FFBFE0972A98F7CB000A9BEB /* AddVehicleView.swift in Sources */,
				FF755B3C2A908E3E00F49A13 /* DashboardView.swift in Sources */,
				FFBFE0932A98F212000A9BEB /* Vehicle.swift in Sources */,
				FF5D13A72A86C2D600BC9BD6 /* BasicCarMaintenanceApp.swift in Sources */,
				FF755B462A90969D00F49A13 /* Bundle+extension.swift in Sources */,
			);
			runOnlyForDeploymentPostprocessing = 0;
		};
		FF5D13B02A86C2D800BC9BD6 /* Sources */ = {
			isa = PBXSourcesBuildPhase;
			buildActionMask = 2147483647;
			files = (
				FF5D13B92A86C2D800BC9BD6 /* BasicCarMaintenanceTests.swift in Sources */,
			);
			runOnlyForDeploymentPostprocessing = 0;
		};
		FF5D13BA2A86C2D800BC9BD6 /* Sources */ = {
			isa = PBXSourcesBuildPhase;
			buildActionMask = 2147483647;
			files = (
				FF5D13C52A86C2D800BC9BD6 /* BasicCarMaintenanceUITestsLaunchTests.swift in Sources */,
				FF5D13C32A86C2D800BC9BD6 /* BasicCarMaintenanceUITests.swift in Sources */,
			);
			runOnlyForDeploymentPostprocessing = 0;
		};
/* End PBXSourcesBuildPhase section */

/* Begin PBXTargetDependency section */
		FF5D13B62A86C2D800BC9BD6 /* PBXTargetDependency */ = {
			isa = PBXTargetDependency;
			target = FF5D13A22A86C2D600BC9BD6 /* Basic-Car-Maintenance */;
			targetProxy = FF5D13B52A86C2D800BC9BD6 /* PBXContainerItemProxy */;
		};
		FF5D13C02A86C2D800BC9BD6 /* PBXTargetDependency */ = {
			isa = PBXTargetDependency;
			target = FF5D13A22A86C2D600BC9BD6 /* Basic-Car-Maintenance */;
			targetProxy = FF5D13BF2A86C2D800BC9BD6 /* PBXContainerItemProxy */;
		};
/* End PBXTargetDependency section */

/* Begin XCBuildConfiguration section */
		FF5D13C62A86C2D800BC9BD6 /* Debug */ = {
			isa = XCBuildConfiguration;
			buildSettings = {
				ALWAYS_SEARCH_USER_PATHS = NO;
				ASSETCATALOG_COMPILER_GENERATE_SWIFT_ASSET_SYMBOL_EXTENSIONS = YES;
				CLANG_ANALYZER_NONNULL = YES;
				CLANG_ANALYZER_NUMBER_OBJECT_CONVERSION = YES_AGGRESSIVE;
				CLANG_CXX_LANGUAGE_STANDARD = "gnu++20";
				CLANG_ENABLE_MODULES = YES;
				CLANG_ENABLE_OBJC_ARC = YES;
				CLANG_ENABLE_OBJC_WEAK = YES;
				CLANG_WARN_BLOCK_CAPTURE_AUTORELEASING = YES;
				CLANG_WARN_BOOL_CONVERSION = YES;
				CLANG_WARN_COMMA = YES;
				CLANG_WARN_CONSTANT_CONVERSION = YES;
				CLANG_WARN_DEPRECATED_OBJC_IMPLEMENTATIONS = YES;
				CLANG_WARN_DIRECT_OBJC_ISA_USAGE = YES_ERROR;
				CLANG_WARN_DOCUMENTATION_COMMENTS = YES;
				CLANG_WARN_EMPTY_BODY = YES;
				CLANG_WARN_ENUM_CONVERSION = YES;
				CLANG_WARN_INFINITE_RECURSION = YES;
				CLANG_WARN_INT_CONVERSION = YES;
				CLANG_WARN_NON_LITERAL_NULL_CONVERSION = YES;
				CLANG_WARN_OBJC_IMPLICIT_RETAIN_SELF = YES;
				CLANG_WARN_OBJC_LITERAL_CONVERSION = YES;
				CLANG_WARN_OBJC_ROOT_CLASS = YES_ERROR;
				CLANG_WARN_QUOTED_INCLUDE_IN_FRAMEWORK_HEADER = YES;
				CLANG_WARN_RANGE_LOOP_ANALYSIS = YES;
				CLANG_WARN_STRICT_PROTOTYPES = YES;
				CLANG_WARN_SUSPICIOUS_MOVE = YES;
				CLANG_WARN_UNGUARDED_AVAILABILITY = YES_AGGRESSIVE;
				CLANG_WARN_UNREACHABLE_CODE = YES;
				CLANG_WARN__DUPLICATE_METHOD_MATCH = YES;
				COPY_PHASE_STRIP = NO;
				DEBUG_INFORMATION_FORMAT = dwarf;
				ENABLE_STRICT_OBJC_MSGSEND = YES;
				ENABLE_TESTABILITY = YES;
				ENABLE_USER_SCRIPT_SANDBOXING = YES;
				GCC_C_LANGUAGE_STANDARD = gnu17;
				GCC_DYNAMIC_NO_PIC = NO;
				GCC_NO_COMMON_BLOCKS = YES;
				GCC_OPTIMIZATION_LEVEL = 0;
				GCC_PREPROCESSOR_DEFINITIONS = (
					"DEBUG=1",
					"$(inherited)",
				);
				GCC_WARN_64_TO_32_BIT_CONVERSION = YES;
				GCC_WARN_ABOUT_RETURN_TYPE = YES_ERROR;
				GCC_WARN_UNDECLARED_SELECTOR = YES;
				GCC_WARN_UNINITIALIZED_AUTOS = YES_AGGRESSIVE;
				GCC_WARN_UNUSED_FUNCTION = YES;
				GCC_WARN_UNUSED_VARIABLE = YES;
				LOCALIZATION_PREFERS_STRING_CATALOGS = YES;
				MTL_ENABLE_DEBUG_INFO = INCLUDE_SOURCE;
				MTL_FAST_MATH = YES;
				ONLY_ACTIVE_ARCH = YES;
				SWIFT_ACTIVE_COMPILATION_CONDITIONS = "DEBUG $(inherited)";
				SWIFT_OPTIMIZATION_LEVEL = "-Onone";
			};
			name = Debug;
		};
		FF5D13C72A86C2D800BC9BD6 /* Release */ = {
			isa = XCBuildConfiguration;
			buildSettings = {
				ALWAYS_SEARCH_USER_PATHS = NO;
				ASSETCATALOG_COMPILER_GENERATE_SWIFT_ASSET_SYMBOL_EXTENSIONS = YES;
				CLANG_ANALYZER_NONNULL = YES;
				CLANG_ANALYZER_NUMBER_OBJECT_CONVERSION = YES_AGGRESSIVE;
				CLANG_CXX_LANGUAGE_STANDARD = "gnu++20";
				CLANG_ENABLE_MODULES = YES;
				CLANG_ENABLE_OBJC_ARC = YES;
				CLANG_ENABLE_OBJC_WEAK = YES;
				CLANG_WARN_BLOCK_CAPTURE_AUTORELEASING = YES;
				CLANG_WARN_BOOL_CONVERSION = YES;
				CLANG_WARN_COMMA = YES;
				CLANG_WARN_CONSTANT_CONVERSION = YES;
				CLANG_WARN_DEPRECATED_OBJC_IMPLEMENTATIONS = YES;
				CLANG_WARN_DIRECT_OBJC_ISA_USAGE = YES_ERROR;
				CLANG_WARN_DOCUMENTATION_COMMENTS = YES;
				CLANG_WARN_EMPTY_BODY = YES;
				CLANG_WARN_ENUM_CONVERSION = YES;
				CLANG_WARN_INFINITE_RECURSION = YES;
				CLANG_WARN_INT_CONVERSION = YES;
				CLANG_WARN_NON_LITERAL_NULL_CONVERSION = YES;
				CLANG_WARN_OBJC_IMPLICIT_RETAIN_SELF = YES;
				CLANG_WARN_OBJC_LITERAL_CONVERSION = YES;
				CLANG_WARN_OBJC_ROOT_CLASS = YES_ERROR;
				CLANG_WARN_QUOTED_INCLUDE_IN_FRAMEWORK_HEADER = YES;
				CLANG_WARN_RANGE_LOOP_ANALYSIS = YES;
				CLANG_WARN_STRICT_PROTOTYPES = YES;
				CLANG_WARN_SUSPICIOUS_MOVE = YES;
				CLANG_WARN_UNGUARDED_AVAILABILITY = YES_AGGRESSIVE;
				CLANG_WARN_UNREACHABLE_CODE = YES;
				CLANG_WARN__DUPLICATE_METHOD_MATCH = YES;
				COPY_PHASE_STRIP = NO;
				DEBUG_INFORMATION_FORMAT = "dwarf-with-dsym";
				ENABLE_NS_ASSERTIONS = NO;
				ENABLE_STRICT_OBJC_MSGSEND = YES;
				ENABLE_USER_SCRIPT_SANDBOXING = YES;
				GCC_C_LANGUAGE_STANDARD = gnu17;
				GCC_NO_COMMON_BLOCKS = YES;
				GCC_WARN_64_TO_32_BIT_CONVERSION = YES;
				GCC_WARN_ABOUT_RETURN_TYPE = YES_ERROR;
				GCC_WARN_UNDECLARED_SELECTOR = YES;
				GCC_WARN_UNINITIALIZED_AUTOS = YES_AGGRESSIVE;
				GCC_WARN_UNUSED_FUNCTION = YES;
				GCC_WARN_UNUSED_VARIABLE = YES;
				LOCALIZATION_PREFERS_STRING_CATALOGS = YES;
				MTL_ENABLE_DEBUG_INFO = NO;
				MTL_FAST_MATH = YES;
				SWIFT_COMPILATION_MODE = wholemodule;
			};
			name = Release;
		};
		FF5D13C92A86C2D800BC9BD6 /* Debug */ = {
			isa = XCBuildConfiguration;
			buildSettings = {
				ASSETCATALOG_COMPILER_APPICON_NAME = AppIcon;
				ASSETCATALOG_COMPILER_GLOBAL_ACCENT_COLOR_NAME = AccentColor;
				CODE_SIGN_ENTITLEMENTS = "Basic-Car-Maintenance/Basic_Car_Maintenance.entitlements";
				CODE_SIGN_STYLE = Automatic;
				CURRENT_PROJECT_VERSION = 1;
				DEVELOPMENT_ASSET_PATHS = "\"Basic-Car-Maintenance/Preview Content\"";
				DEVELOPMENT_TEAM = Y535846H6P;
				ENABLE_HARDENED_RUNTIME = YES;
				ENABLE_PREVIEWS = YES;
				GENERATE_INFOPLIST_FILE = YES;
				INFOPLIST_KEY_CFBundleDisplayName = "Basic Car";
				"INFOPLIST_KEY_UIApplicationSceneManifest_Generation[sdk=iphoneos*]" = YES;
				"INFOPLIST_KEY_UIApplicationSceneManifest_Generation[sdk=iphonesimulator*]" = YES;
				"INFOPLIST_KEY_UIApplicationSupportsIndirectInputEvents[sdk=iphoneos*]" = YES;
				"INFOPLIST_KEY_UIApplicationSupportsIndirectInputEvents[sdk=iphonesimulator*]" = YES;
				"INFOPLIST_KEY_UILaunchScreen_Generation[sdk=iphoneos*]" = YES;
				"INFOPLIST_KEY_UILaunchScreen_Generation[sdk=iphonesimulator*]" = YES;
				"INFOPLIST_KEY_UIStatusBarStyle[sdk=iphoneos*]" = UIStatusBarStyleDefault;
				"INFOPLIST_KEY_UIStatusBarStyle[sdk=iphonesimulator*]" = UIStatusBarStyleDefault;
				INFOPLIST_KEY_UISupportedInterfaceOrientations_iPad = "UIInterfaceOrientationPortrait UIInterfaceOrientationPortraitUpsideDown UIInterfaceOrientationLandscapeLeft UIInterfaceOrientationLandscapeRight";
				INFOPLIST_KEY_UISupportedInterfaceOrientations_iPhone = "UIInterfaceOrientationPortrait UIInterfaceOrientationLandscapeLeft UIInterfaceOrientationLandscapeRight";
				IPHONEOS_DEPLOYMENT_TARGET = 17.0;
				LD_RUNPATH_SEARCH_PATHS = "@executable_path/Frameworks";
				"LD_RUNPATH_SEARCH_PATHS[sdk=macosx*]" = "@executable_path/../Frameworks";
				MACOSX_DEPLOYMENT_TARGET = 13.4;
				MARKETING_VERSION = 1.0;
				PRODUCT_BUNDLE_IDENTIFIER = "com.icyappstudio.Basic-Car-Maintenance";
				PRODUCT_NAME = "$(TARGET_NAME)";
				SDKROOT = auto;
				SUPPORTED_PLATFORMS = "iphoneos iphonesimulator macosx";
				SWIFT_EMIT_LOC_STRINGS = YES;
				SWIFT_VERSION = 5.0;
				TARGETED_DEVICE_FAMILY = "1,2";
			};
			name = Debug;
		};
		FF5D13CA2A86C2D800BC9BD6 /* Release */ = {
			isa = XCBuildConfiguration;
			buildSettings = {
				ASSETCATALOG_COMPILER_APPICON_NAME = AppIcon;
				ASSETCATALOG_COMPILER_GLOBAL_ACCENT_COLOR_NAME = AccentColor;
				CODE_SIGN_ENTITLEMENTS = "Basic-Car-Maintenance/Basic_Car_Maintenance.entitlements";
				CODE_SIGN_STYLE = Automatic;
				CURRENT_PROJECT_VERSION = 1;
				DEVELOPMENT_ASSET_PATHS = "\"Basic-Car-Maintenance/Preview Content\"";
				DEVELOPMENT_TEAM = Y535846H6P;
				ENABLE_HARDENED_RUNTIME = YES;
				ENABLE_PREVIEWS = YES;
				GENERATE_INFOPLIST_FILE = YES;
				INFOPLIST_KEY_CFBundleDisplayName = "Basic Car";
				"INFOPLIST_KEY_UIApplicationSceneManifest_Generation[sdk=iphoneos*]" = YES;
				"INFOPLIST_KEY_UIApplicationSceneManifest_Generation[sdk=iphonesimulator*]" = YES;
				"INFOPLIST_KEY_UIApplicationSupportsIndirectInputEvents[sdk=iphoneos*]" = YES;
				"INFOPLIST_KEY_UIApplicationSupportsIndirectInputEvents[sdk=iphonesimulator*]" = YES;
				"INFOPLIST_KEY_UILaunchScreen_Generation[sdk=iphoneos*]" = YES;
				"INFOPLIST_KEY_UILaunchScreen_Generation[sdk=iphonesimulator*]" = YES;
				"INFOPLIST_KEY_UIStatusBarStyle[sdk=iphoneos*]" = UIStatusBarStyleDefault;
				"INFOPLIST_KEY_UIStatusBarStyle[sdk=iphonesimulator*]" = UIStatusBarStyleDefault;
				INFOPLIST_KEY_UISupportedInterfaceOrientations_iPad = "UIInterfaceOrientationPortrait UIInterfaceOrientationPortraitUpsideDown UIInterfaceOrientationLandscapeLeft UIInterfaceOrientationLandscapeRight";
				INFOPLIST_KEY_UISupportedInterfaceOrientations_iPhone = "UIInterfaceOrientationPortrait UIInterfaceOrientationLandscapeLeft UIInterfaceOrientationLandscapeRight";
				IPHONEOS_DEPLOYMENT_TARGET = 17.0;
				LD_RUNPATH_SEARCH_PATHS = "@executable_path/Frameworks";
				"LD_RUNPATH_SEARCH_PATHS[sdk=macosx*]" = "@executable_path/../Frameworks";
				MACOSX_DEPLOYMENT_TARGET = 13.4;
				MARKETING_VERSION = 1.0;
				PRODUCT_BUNDLE_IDENTIFIER = "com.icyappstudio.Basic-Car-Maintenance";
				PRODUCT_NAME = "$(TARGET_NAME)";
				SDKROOT = auto;
				SUPPORTED_PLATFORMS = "iphoneos iphonesimulator macosx";
				SWIFT_EMIT_LOC_STRINGS = YES;
				SWIFT_VERSION = 5.0;
				TARGETED_DEVICE_FAMILY = "1,2";
			};
			name = Release;
		};
		FF5D13CC2A86C2D800BC9BD6 /* Debug */ = {
			isa = XCBuildConfiguration;
			buildSettings = {
				ALWAYS_EMBED_SWIFT_STANDARD_LIBRARIES = YES;
				BUNDLE_LOADER = "$(TEST_HOST)";
				CODE_SIGN_STYLE = Automatic;
				CURRENT_PROJECT_VERSION = 1;
				DEVELOPMENT_TEAM = Y535846H6P;
				GENERATE_INFOPLIST_FILE = YES;
				IPHONEOS_DEPLOYMENT_TARGET = 17.0;
				MACOSX_DEPLOYMENT_TARGET = 13.4;
				MARKETING_VERSION = 1.0;
				PRODUCT_BUNDLE_IDENTIFIER = "com.icyappstudio.Basic-Car-MaintenanceTests";
				PRODUCT_NAME = "$(TARGET_NAME)";
				SDKROOT = auto;
				SUPPORTED_PLATFORMS = "iphoneos iphonesimulator macosx";
				SWIFT_EMIT_LOC_STRINGS = NO;
				SWIFT_VERSION = 5.0;
				TARGETED_DEVICE_FAMILY = "1,2";
				TEST_HOST = "$(BUILT_PRODUCTS_DIR)/Basic-Car-Maintenance.app/$(BUNDLE_EXECUTABLE_FOLDER_PATH)/Basic-Car-Maintenance";
			};
			name = Debug;
		};
		FF5D13CD2A86C2D800BC9BD6 /* Release */ = {
			isa = XCBuildConfiguration;
			buildSettings = {
				ALWAYS_EMBED_SWIFT_STANDARD_LIBRARIES = YES;
				BUNDLE_LOADER = "$(TEST_HOST)";
				CODE_SIGN_STYLE = Automatic;
				CURRENT_PROJECT_VERSION = 1;
				DEVELOPMENT_TEAM = Y535846H6P;
				GENERATE_INFOPLIST_FILE = YES;
				IPHONEOS_DEPLOYMENT_TARGET = 17.0;
				MACOSX_DEPLOYMENT_TARGET = 13.4;
				MARKETING_VERSION = 1.0;
				PRODUCT_BUNDLE_IDENTIFIER = "com.icyappstudio.Basic-Car-MaintenanceTests";
				PRODUCT_NAME = "$(TARGET_NAME)";
				SDKROOT = auto;
				SUPPORTED_PLATFORMS = "iphoneos iphonesimulator macosx";
				SWIFT_EMIT_LOC_STRINGS = NO;
				SWIFT_VERSION = 5.0;
				TARGETED_DEVICE_FAMILY = "1,2";
				TEST_HOST = "$(BUILT_PRODUCTS_DIR)/Basic-Car-Maintenance.app/$(BUNDLE_EXECUTABLE_FOLDER_PATH)/Basic-Car-Maintenance";
			};
			name = Release;
		};
		FF5D13CF2A86C2D800BC9BD6 /* Debug */ = {
			isa = XCBuildConfiguration;
			buildSettings = {
				ALWAYS_EMBED_SWIFT_STANDARD_LIBRARIES = YES;
				CODE_SIGN_STYLE = Automatic;
				CURRENT_PROJECT_VERSION = 1;
				DEVELOPMENT_TEAM = Y535846H6P;
				GENERATE_INFOPLIST_FILE = YES;
				IPHONEOS_DEPLOYMENT_TARGET = 17.0;
				MACOSX_DEPLOYMENT_TARGET = 13.4;
				MARKETING_VERSION = 1.0;
				PRODUCT_BUNDLE_IDENTIFIER = "com.icyappstudio.Basic-Car-MaintenanceUITests";
				PRODUCT_NAME = "$(TARGET_NAME)";
				SDKROOT = auto;
				SUPPORTED_PLATFORMS = "iphoneos iphonesimulator macosx";
				SWIFT_EMIT_LOC_STRINGS = NO;
				SWIFT_VERSION = 5.0;
				TARGETED_DEVICE_FAMILY = "1,2";
				TEST_TARGET_NAME = "Basic-Car-Maintenance";
			};
			name = Debug;
		};
		FF5D13D02A86C2D800BC9BD6 /* Release */ = {
			isa = XCBuildConfiguration;
			buildSettings = {
				ALWAYS_EMBED_SWIFT_STANDARD_LIBRARIES = YES;
				CODE_SIGN_STYLE = Automatic;
				CURRENT_PROJECT_VERSION = 1;
				DEVELOPMENT_TEAM = Y535846H6P;
				GENERATE_INFOPLIST_FILE = YES;
				IPHONEOS_DEPLOYMENT_TARGET = 17.0;
				MACOSX_DEPLOYMENT_TARGET = 13.4;
				MARKETING_VERSION = 1.0;
				PRODUCT_BUNDLE_IDENTIFIER = "com.icyappstudio.Basic-Car-MaintenanceUITests";
				PRODUCT_NAME = "$(TARGET_NAME)";
				SDKROOT = auto;
				SUPPORTED_PLATFORMS = "iphoneos iphonesimulator macosx";
				SWIFT_EMIT_LOC_STRINGS = NO;
				SWIFT_VERSION = 5.0;
				TARGETED_DEVICE_FAMILY = "1,2";
				TEST_TARGET_NAME = "Basic-Car-Maintenance";
			};
			name = Release;
		};
/* End XCBuildConfiguration section */

/* Begin XCConfigurationList section */
		FF5D139E2A86C2D500BC9BD6 /* Build configuration list for PBXProject "Basic-Car-Maintenance" */ = {
			isa = XCConfigurationList;
			buildConfigurations = (
				FF5D13C62A86C2D800BC9BD6 /* Debug */,
				FF5D13C72A86C2D800BC9BD6 /* Release */,
			);
			defaultConfigurationIsVisible = 0;
			defaultConfigurationName = Release;
		};
		FF5D13C82A86C2D800BC9BD6 /* Build configuration list for PBXNativeTarget "Basic-Car-Maintenance" */ = {
			isa = XCConfigurationList;
			buildConfigurations = (
				FF5D13C92A86C2D800BC9BD6 /* Debug */,
				FF5D13CA2A86C2D800BC9BD6 /* Release */,
			);
			defaultConfigurationIsVisible = 0;
			defaultConfigurationName = Release;
		};
		FF5D13CB2A86C2D800BC9BD6 /* Build configuration list for PBXNativeTarget "Basic-Car-MaintenanceTests" */ = {
			isa = XCConfigurationList;
			buildConfigurations = (
				FF5D13CC2A86C2D800BC9BD6 /* Debug */,
				FF5D13CD2A86C2D800BC9BD6 /* Release */,
			);
			defaultConfigurationIsVisible = 0;
			defaultConfigurationName = Release;
		};
		FF5D13CE2A86C2D800BC9BD6 /* Build configuration list for PBXNativeTarget "Basic-Car-MaintenanceUITests" */ = {
			isa = XCConfigurationList;
			buildConfigurations = (
				FF5D13CF2A86C2D800BC9BD6 /* Debug */,
				FF5D13D02A86C2D800BC9BD6 /* Release */,
			);
			defaultConfigurationIsVisible = 0;
			defaultConfigurationName = Release;
		};
/* End XCConfigurationList section */

/* Begin XCRemoteSwiftPackageReference section */
		FFC8CDA52AA3867A00D129A6 /* XCRemoteSwiftPackageReference "firebase-ios-sdk" */ = {
			isa = XCRemoteSwiftPackageReference;
			repositoryURL = "https://github.com/firebase/firebase-ios-sdk.git";
			requirement = {
				kind = upToNextMajorVersion;
				minimumVersion = 10.14.0;
			};
		};
/* End XCRemoteSwiftPackageReference section */

/* Begin XCSwiftPackageProductDependency section */
		FFC8CDA62AA3867A00D129A6 /* FirebaseAnalytics */ = {
			isa = XCSwiftPackageProductDependency;
			package = FFC8CDA52AA3867A00D129A6 /* XCRemoteSwiftPackageReference "firebase-ios-sdk" */;
			productName = FirebaseAnalytics;
		};
		FFC8CDA82AA3867A00D129A6 /* FirebaseAnalyticsSwift */ = {
			isa = XCSwiftPackageProductDependency;
			package = FFC8CDA52AA3867A00D129A6 /* XCRemoteSwiftPackageReference "firebase-ios-sdk" */;
			productName = FirebaseAnalyticsSwift;
		};
		FFC8CDAA2AA3867A00D129A6 /* FirebaseAuth */ = {
			isa = XCSwiftPackageProductDependency;
			package = FFC8CDA52AA3867A00D129A6 /* XCRemoteSwiftPackageReference "firebase-ios-sdk" */;
			productName = FirebaseAuth;
		};
		FFC8CDAC2AA3867A00D129A6 /* FirebaseFirestore */ = {
			isa = XCSwiftPackageProductDependency;
			package = FFC8CDA52AA3867A00D129A6 /* XCRemoteSwiftPackageReference "firebase-ios-sdk" */;
			productName = FirebaseFirestore;
		};
		FFC8CDAE2AA3867A00D129A6 /* FirebaseFirestoreSwift */ = {
			isa = XCSwiftPackageProductDependency;
			package = FFC8CDA52AA3867A00D129A6 /* XCRemoteSwiftPackageReference "firebase-ios-sdk" */;
			productName = FirebaseFirestoreSwift;
		};
/* End XCSwiftPackageProductDependency section */
	};
	rootObject = FF5D139B2A86C2D500BC9BD6 /* Project object */;
}
